{
  "version": 4,
  "terraform_version": "1.13.4",
  "serial": 2339,
  "lineage": "5938bf26-07ce-b350-4ee9-ef5befb500b0",
  "outputs": {
    "verified_private_subnets": {
      "value": [
        "subnet-06e7f91ac149c8fc9",
        "subnet-09a5205170294f953"
      ],
      "type": [
        "tuple",
        [
          "string",
          "string"
        ]
      ]
    },
    "verified_vpc_id": {
      "value": "vpc-0f3391e84c4f0ce79",
      "type": "string"
    }
  },
  "resources": [
    {
      "mode": "data",
      "type": "aws_availability_zones",
      "name": "available",
      "provider": "provider[\"registry.terraform.io/hashicorp/aws\"]",
      "instances": [
        {
          "schema_version": 0,
          "attributes": {
            "all_availability_zones": null,
            "exclude_names": null,
            "exclude_zone_ids": null,
            "filter": null,
            "group_names": [
              "us-west-2-zg-1"
            ],
            "id": "us-west-2",
            "names": [
              "us-west-2a",
              "us-west-2b",
              "us-west-2c",
              "us-west-2d"
            ],
            "region": "us-west-2",
            "state": "available",
            "timeouts": null,
            "zone_ids": [
              "usw2-az1",
              "usw2-az2",
              "usw2-az3",
              "usw2-az4"
            ]
          },
          "sensitive_attributes": [],
          "identity_schema_version": 0
        }
      ]
    },
    {
      "mode": "data",
      "type": "aws_caller_identity",
      "name": "current",
      "provider": "provider[\"registry.terraform.io/hashicorp/aws\"]",
      "instances": [
        {
          "schema_version": 0,
          "attributes": {
            "account_id": "136279434049",
            "arn": "arn:aws:iam::136279434049:user/sowjanya",
            "id": "136279434049",
            "user_id": "AIDAR7OXDENATVPZKIUYM"
          },
          "sensitive_attributes": [],
          "identity_schema_version": 0
        }
      ]
    },
    {
      "mode": "data",
      "type": "aws_iam_policy_document",
      "name": "ecs_task_execution_role",
      "provider": "provider[\"registry.terraform.io/hashicorp/aws\"]",
      "instances": [
        {
          "schema_version": 0,
          "attributes": {
            "id": "1077804475",
            "json": "{\n  \"Version\": \"2012-10-17\",\n  \"Statement\": [\n    {\n      \"Effect\": \"Allow\",\n      \"Action\": \"sts:AssumeRole\",\n      \"Principal\": {\n        \"Service\": \"ecs-tasks.amazonaws.com\"\n      }\n    }\n  ]\n}",
            "minified_json": "{\"Version\":\"2012-10-17\",\"Statement\":[{\"Effect\":\"Allow\",\"Action\":\"sts:AssumeRole\",\"Principal\":{\"Service\":\"ecs-tasks.amazonaws.com\"}}]}",
            "override_json": null,
            "override_policy_documents": null,
            "policy_id": null,
            "source_json": null,
            "source_policy_documents": null,
            "statement": [
              {
                "actions": [
                  "sts:AssumeRole"
                ],
                "condition": [],
                "effect": "Allow",
                "not_actions": [],
                "not_principals": [],
                "not_resources": [],
                "principals": [
                  {
                    "identifiers": [
                      "ecs-tasks.amazonaws.com"
                    ],
                    "type": "Service"
                  }
                ],
                "resources": [],
                "sid": ""
              }
            ],
            "version": "2012-10-17"
          },
          "sensitive_attributes": [],
          "identity_schema_version": 0
        }
      ]
    },
    {
      "mode": "data",
      "type": "aws_subnet",
      "name": "private",
      "provider": "provider[\"registry.terraform.io/hashicorp/aws\"]",
      "instances": [
        {
          "index_key": "subnet-06e7f91ac149c8fc9",
          "schema_version": 0,
          "attributes": {
            "arn": "arn:aws:ec2:us-west-2:136279434049:subnet/subnet-06e7f91ac149c8fc9",
            "assign_ipv6_address_on_creation": false,
            "availability_zone": "us-west-2b",
            "availability_zone_id": "usw2-az2",
            "available_ip_address_count": 246,
            "cidr_block": "172.16.3.0/24",
            "customer_owned_ipv4_pool": "",
            "default_for_az": false,
            "enable_dns64": false,
            "enable_lni_at_device_index": 0,
            "enable_resource_name_dns_a_record_on_launch": false,
            "enable_resource_name_dns_aaaa_record_on_launch": false,
            "filter": null,
            "id": "subnet-06e7f91ac149c8fc9",
            "ipv6_cidr_block": "",
            "ipv6_cidr_block_association_id": "",
            "ipv6_native": false,
            "map_customer_owned_ip_on_launch": false,
            "map_public_ip_on_launch": false,
            "outpost_arn": "",
            "owner_id": "136279434049",
            "private_dns_hostname_type_on_launch": "ip-name",
            "region": "us-west-2",
            "state": "available",
            "tags": {
              "Environment": "Development",
              "Name": "recupe-dev-private-subnet-2",
              "Owner": "ravi@plethy.com",
              "Project": "Recupe"
            },
            "timeouts": null,
            "vpc_id": "vpc-0f3391e84c4f0ce79"
          },
          "sensitive_attributes": [],
          "identity_schema_version": 0
        },
        {
          "index_key": "subnet-09a5205170294f953",
          "schema_version": 0,
          "attributes": {
            "arn": "arn:aws:ec2:us-west-2:136279434049:subnet/subnet-09a5205170294f953",
            "assign_ipv6_address_on_creation": false,
            "availability_zone": "us-west-2a",
            "availability_zone_id": "usw2-az1",
            "available_ip_address_count": 240,
            "cidr_block": "172.16.1.0/24",
            "customer_owned_ipv4_pool": "",
            "default_for_az": false,
            "enable_dns64": false,
            "enable_lni_at_device_index": 0,
            "enable_resource_name_dns_a_record_on_launch": false,
            "enable_resource_name_dns_aaaa_record_on_launch": false,
            "filter": null,
            "id": "subnet-09a5205170294f953",
            "ipv6_cidr_block": "",
            "ipv6_cidr_block_association_id": "",
            "ipv6_native": false,
            "map_customer_owned_ip_on_launch": false,
            "map_public_ip_on_launch": false,
            "outpost_arn": "",
            "owner_id": "136279434049",
            "private_dns_hostname_type_on_launch": "ip-name",
            "region": "us-west-2",
            "state": "available",
            "tags": {
              "Environment": "Development",
              "Name": "recupe-dev-prviate-subnet-1",
              "Owner": "ravi@plethy.com",
              "Project": "Recupe"
            },
            "timeouts": null,
            "vpc_id": "vpc-0f3391e84c4f0ce79"
          },
          "sensitive_attributes": [],
          "identity_schema_version": 0
        }
      ]
    },
    {
      "mode": "data",
      "type": "aws_vpc",
      "name": "main",
      "provider": "provider[\"registry.terraform.io/hashicorp/aws\"]",
      "instances": [
        {
          "schema_version": 0,
          "attributes": {
            "arn": "arn:aws:ec2:us-west-2:136279434049:vpc/vpc-0f3391e84c4f0ce79",
            "cidr_block": "172.16.0.0/16",
            "cidr_block_associations": [
              {
                "association_id": "vpc-cidr-assoc-0b5383149f9315155",
                "cidr_block": "172.16.0.0/16",
                "state": "associated"
              }
            ],
            "default": false,
            "dhcp_options_id": "dopt-5f52d827",
            "enable_dns_hostnames": true,
            "enable_dns_support": true,
            "enable_network_address_usage_metrics": false,
            "filter": null,
            "id": "vpc-0f3391e84c4f0ce79",
            "instance_tenancy": "default",
            "ipv6_association_id": "",
            "ipv6_cidr_block": "",
            "main_route_table_id": "rtb-0634193ea8e3c928c",
            "owner_id": "136279434049",
            "region": "us-west-2",
            "state": null,
            "tags": {
              "Environment": "Development",
              "Name": "recupe-dev",
              "Owner": "ravi@plethy.com",
              "Project": "Recupe"
            },
            "timeouts": null
          },
          "sensitive_attributes": [],
          "identity_schema_version": 0
        }
      ]
    },
    {
      "mode": "managed",
      "type": "aws_cloudwatch_log_group",
      "name": "codebuild",
      "provider": "provider[\"registry.terraform.io/hashicorp/aws\"]",
      "instances": [
        {
          "schema_version": 0,
          "attributes": {
            "arn": "arn:aws:logs:us-west-2:136279434049:log-group:/aws/codebuild/testing-pythonscript-2-qa-build",
            "id": "/aws/codebuild/testing-pythonscript-2-qa-build",
            "kms_key_id": "",
            "log_group_class": "STANDARD",
            "name": "/aws/codebuild/testing-pythonscript-2-qa-build",
            "name_prefix": "",
            "region": "us-west-2",
            "retention_in_days": 7,
            "skip_destroy": false,
            "tags": null,
            "tags_all": {}
          },
          "sensitive_attributes": [],
          "identity_schema_version": 0,
          "identity": {
            "account_id": "136279434049",
            "name": "/aws/codebuild/testing-pythonscript-2-qa-build",
            "region": "us-west-2"
          },
          "private": "bnVsbA==",
          "create_before_destroy": true
        }
      ]
    },
    {
      "mode": "managed",
      "type": "aws_cloudwatch_log_group",
      "name": "ecs_logs",
      "provider": "provider[\"registry.terraform.io/hashicorp/aws\"]",
      "instances": [
        {
          "schema_version": 0,
          "attributes": {
            "arn": "arn:aws:logs:us-west-2:136279434049:log-group:/ecs/testing-pythonscript-2-qa",
            "id": "/ecs/testing-pythonscript-2-qa",
            "kms_key_id": "",
            "log_group_class": "STANDARD",
            "name": "/ecs/testing-pythonscript-2-qa",
            "name_prefix": "",
            "region": "us-west-2",
            "retention_in_days": 7,
            "skip_destroy": false,
            "tags": {
              "Name": "testing-pythonscript-2-qa-logs"
            },
            "tags_all": {
              "Name": "testing-pythonscript-2-qa-logs"
            }
          },
          "sensitive_attributes": [],
          "identity_schema_version": 0,
          "identity": {
            "account_id": "136279434049",
            "name": "/ecs/testing-pythonscript-2-qa",
            "region": "us-west-2"
          },
          "private": "bnVsbA=="
        }
      ]
    },
    {
      "mode": "managed",
      "type": "aws_codebuild_project",
      "name": "main",
      "provider": "provider[\"registry.terraform.io/hashicorp/aws\"]",
      "instances": [
        {
          "schema_version": 0,
          "attributes": {
            "arn": "arn:aws:codebuild:us-west-2:136279434049:project/testing-pythonscript-2-qa-build",
            "artifacts": [
              {
                "artifact_identifier": "",
                "bucket_owner_access": "",
                "encryption_disabled": false,
                "location": "",
                "name": "testing-pythonscript-2-qa-build",
                "namespace_type": "",
                "override_artifact_name": false,
                "packaging": "NONE",
                "path": "",
                "type": "CODEPIPELINE"
              }
            ],
            "auto_retry_limit": 0,
            "badge_enabled": false,
            "badge_url": "",
            "build_batch_config": [],
            "build_timeout": 20,
            "cache": [
              {
                "location": "",
                "modes": [],
                "type": "NO_CACHE"
              }
            ],
            "concurrent_build_limit": 0,
            "description": "Build project for testing-pythonscript-2",
            "encryption_key": "arn:aws:kms:us-west-2:136279434049:alias/aws/s3",
            "environment": [
              {
                "certificate": "",
                "compute_type": "BUILD_GENERAL1_SMALL",
                "docker_server": [],
                "environment_variable": [
                  {
                    "name": "AWS_DEFAULT_REGION",
                    "type": "PLAINTEXT",
                    "value": "us-west-2"
                  },
                  {
                    "name": "AWS_ACCOUNT_ID",
                    "type": "PLAINTEXT",
                    "value": "136279434049"
                  },
                  {
                    "name": "IMAGE_REPO_NAME",
                    "type": "PLAINTEXT",
                    "value": "testing-pythonscript-2-qa"
                  },
                  {
                    "name": "IMAGE_TAG",
                    "type": "PLAINTEXT",
                    "value": "latest"
                  },
                  {
                    "name": "APP_NAME",
                    "type": "PLAINTEXT",
                    "value": "testing-pythonscript-2-qa"
                  }
                ],
                "fleet": [],
                "image": "aws/codebuild/standard:5.0",
                "image_pull_credentials_type": "CODEBUILD",
                "privileged_mode": true,
                "registry_credential": [],
                "type": "LINUX_CONTAINER"
              }
            ],
            "file_system_locations": [],
            "id": "arn:aws:codebuild:us-west-2:136279434049:project/testing-pythonscript-2-qa-build",
            "logs_config": [
              {
                "cloudwatch_logs": [
                  {
                    "group_name": "/aws/codebuild/testing-pythonscript-2-qa-build",
                    "status": "ENABLED",
                    "stream_name": ""
                  }
                ],
                "s3_logs": [
                  {
                    "bucket_owner_access": "",
                    "encryption_disabled": false,
                    "location": "",
                    "status": "DISABLED"
                  }
                ]
              }
            ],
            "name": "testing-pythonscript-2-qa-build",
            "project_visibility": "PRIVATE",
            "public_project_alias": "",
            "queued_timeout": 480,
            "region": "us-west-2",
            "resource_access_role": "",
            "secondary_artifacts": [],
            "secondary_source_version": [],
            "secondary_sources": [],
            "service_role": "arn:aws:iam::136279434049:role/testing-pythonscript-2-qa-codebuild-role",
            "source": [
              {
                "auth": [],
                "build_status_config": [],
                "buildspec": "buildspec.yml",
                "git_clone_depth": 0,
                "git_submodules_config": [],
                "insecure_ssl": false,
                "location": "",
                "report_build_status": false,
                "type": "CODEPIPELINE"
              }
            ],
            "source_version": "",
            "tags": {
              "Name": "testing-pythonscript-2-qa-codebuild_sg"
            },
            "tags_all": {
              "Name": "testing-pythonscript-2-qa-codebuild_sg"
            },
            "vpc_config": [
              {
                "security_group_ids": [
                  "sg-088dbb882d310847f"
                ],
                "subnets": [
                  "subnet-06e7f91ac149c8fc9",
                  "subnet-09a5205170294f953"
                ],
                "vpc_id": "vpc-0f3391e84c4f0ce79"
              }
            ]
          },
          "sensitive_attributes": [],
          "identity_schema_version": 0,
          "identity": {
            "arn": "arn:aws:codebuild:us-west-2:136279434049:project/testing-pythonscript-2-qa-build"
          },
          "private": "bnVsbA==",
          "dependencies": [
            "aws_cloudwatch_log_group.codebuild",
            "aws_ecr_repository.main",
            "aws_iam_role.codebuild_role",
            "aws_security_group.codebuild_sg",
            "data.aws_caller_identity.current"
          ]
        }
      ]
    },
    {
      "mode": "managed",
      "type": "aws_codepipeline",
      "name": "main",
      "provider": "provider[\"registry.terraform.io/hashicorp/aws\"]",
      "instances": [
        {
          "schema_version": 0,
          "attributes": {
            "arn": "arn:aws:codepipeline:us-west-2:136279434049:testing-pythonscript-2-qa-pipeline",
            "artifact_store": [
              {
                "encryption_key": [],
                "location": "recupe-devops-qa",
                "region": "",
                "type": "S3"
              }
            ],
            "execution_mode": "SUPERSEDED",
            "id": "testing-pythonscript-2-qa-pipeline",
            "name": "testing-pythonscript-2-qa-pipeline",
            "pipeline_type": "V1",
            "region": "us-west-2",
            "role_arn": "arn:aws:iam::136279434049:role/testing-pythonscript-2-qa-codepipeline-role",
            "stage": [
              {
                "action": [
                  {
                    "category": "Source",
                    "configuration": {
                      "BranchName": "PRM-19296",
                      "ConnectionArn": "arn:aws:codestar-connections:us-west-2:136279434049:connection/bce23acd-20cf-4659-a6a1-60fe63d3dea3",
                      "FullRepositoryId": "Plethy/notifiers"
                    },
                    "input_artifacts": null,
                    "name": "GitHub_Source",
                    "namespace": "",
                    "output_artifacts": [
                      "source_output"
                    ],
                    "owner": "AWS",
                    "provider": "CodeStarSourceConnection",
                    "region": "",
                    "role_arn": "",
                    "run_order": 1,
                    "timeout_in_minutes": 0,
                    "version": "1"
                  }
                ],
                "before_entry": [],
                "name": "Source",
                "on_failure": [],
                "on_success": []
              },
              {
                "action": [
                  {
                    "category": "Build",
                    "configuration": {
                      "ProjectName": "testing-pythonscript-2-qa-build"
                    },
                    "input_artifacts": [
                      "source_output"
                    ],
                    "name": "CodeBuild",
                    "namespace": "",
                    "output_artifacts": [
                      "build_output"
                    ],
                    "owner": "AWS",
                    "provider": "CodeBuild",
                    "region": "",
                    "role_arn": "",
                    "run_order": 1,
                    "timeout_in_minutes": 0,
                    "version": "1"
                  }
                ],
                "before_entry": [],
                "name": "Build",
                "on_failure": [],
                "on_success": []
              }
            ],
            "tags": {
              "Environment": "qa",
              "Name": "testing-pythonscript-2-qa-pipeline"
            },
            "tags_all": {
              "Environment": "qa",
              "Name": "testing-pythonscript-2-qa-pipeline"
            },
            "trigger": [],
            "trigger_all": [],
            "variable": []
          },
          "sensitive_attributes": [],
          "identity_schema_version": 0,
          "private": "bnVsbA==",
          "dependencies": [
            "aws_cloudwatch_log_group.codebuild",
            "aws_codebuild_project.main",
            "aws_ecr_repository.main",
            "aws_iam_role.codebuild_role",
            "aws_iam_role.codepipeline_role",
            "aws_security_group.codebuild_sg",
            "data.aws_caller_identity.current"
          ]
        }
      ]
    },
    {
      "mode": "managed",
      "type": "aws_ecr_lifecycle_policy",
      "name": "main",
      "provider": "provider[\"registry.terraform.io/hashicorp/aws\"]",
      "instances": [
        {
          "schema_version": 0,
          "attributes": {
            "id": "testing-pythonscript-2-qa",
            "policy": "{\"rules\":[{\"action\":{\"type\":\"expire\"},\"description\":\"Keep last 30 images\",\"rulePriority\":1,\"selection\":{\"countNumber\":15,\"countType\":\"imageCountMoreThan\",\"tagStatus\":\"any\"}}]}",
            "region": "us-west-2",
            "registry_id": "136279434049",
            "repository": "testing-pythonscript-2-qa"
          },
          "sensitive_attributes": [],
          "identity_schema_version": 0,
          "identity": {
            "account_id": "136279434049",
            "region": "us-west-2",
            "repository": "testing-pythonscript-2-qa"
          },
          "private": "bnVsbA==",
          "dependencies": [
            "aws_ecr_repository.main"
          ]
        }
      ]
    },
    {
      "mode": "managed",
      "type": "aws_ecr_repository",
      "name": "main",
      "provider": "provider[\"registry.terraform.io/hashicorp/aws\"]",
      "instances": [
        {
          "schema_version": 0,
          "attributes": {
            "arn": "arn:aws:ecr:us-west-2:136279434049:repository/testing-pythonscript-2-qa",
            "encryption_configuration": [
              {
                "encryption_type": "AES256",
                "kms_key": ""
              }
            ],
            "force_delete": true,
            "id": "testing-pythonscript-2-qa",
            "image_scanning_configuration": [
              {
                "scan_on_push": true
              }
            ],
            "image_tag_mutability": "MUTABLE",
            "image_tag_mutability_exclusion_filter": [],
            "name": "testing-pythonscript-2-qa",
            "region": "us-west-2",
            "registry_id": "136279434049",
            "repository_url": "136279434049.dkr.ecr.us-west-2.amazonaws.com/testing-pythonscript-2-qa",
            "tags": {
              "Name": "testing-pythonscript-2-qa"
            },
            "tags_all": {
              "Name": "testing-pythonscript-2-qa"
            },
            "timeouts": null
          },
          "sensitive_attributes": [],
          "identity_schema_version": 0,
          "identity": {
            "account_id": "136279434049",
            "name": "testing-pythonscript-2-qa",
            "region": "us-west-2"
          },
          "private": "eyJlMmJmYjczMC1lY2FhLTExZTYtOGY4OC0zNDM2M2JjN2M0YzAiOnsiZGVsZXRlIjoxMjAwMDAwMDAwMDAwfX0="
        }
      ]
    },
    {
      "mode": "managed",
      "type": "aws_ecs_task_definition",
      "name": "main",
      "provider": "provider[\"registry.terraform.io/hashicorp/aws\"]",
      "instances": [
        {
          "schema_version": 1,
          "attributes": {
            "arn": "arn:aws:ecs:us-west-2:136279434049:task-definition/testing-pythonscript-2-qa-task:6",
            "arn_without_revision": "arn:aws:ecs:us-west-2:136279434049:task-definition/testing-pythonscript-2-qa-task",
            "container_definitions": "[{\"environment\":[],\"environmentFiles\":[{\"type\":\"s3\",\"value\":\"arn:aws:s3:::recupe-devops-qa/notifiers-python-batch-files/batch.env\"}],\"essential\":true,\"image\":\"136279434049.dkr.ecr.us-west-2.amazonaws.com/testing-pythonscript-2-qa:latest\",\"logConfiguration\":{\"logDriver\":\"awslogs\",\"options\":{\"awslogs-group\":\"/ecs/testing-pythonscript-2-qa\",\"awslogs-region\":\"us-west-2\",\"awslogs-stream-prefix\":\"ecs\"}},\"mountPoints\":[],\"name\":\"testing-pythonscript-2-qa\",\"portMappings\":[],\"systemControls\":[],\"volumesFrom\":[]}]",
            "cpu": "256",
            "enable_fault_injection": false,
            "ephemeral_storage": [],
            "execution_role_arn": "arn:aws:iam::136279434049:role/testing-pythonscript-2-qa-ecs-task-execution-role",
            "family": "testing-pythonscript-2-qa-task",
            "id": "testing-pythonscript-2-qa-task",
            "ipc_mode": "",
            "memory": "512",
            "network_mode": "awsvpc",
            "pid_mode": "",
            "placement_constraints": [],
            "proxy_configuration": [],
            "region": "us-west-2",
            "requires_compatibilities": [
              "FARGATE"
            ],
            "revision": 6,
            "runtime_platform": [],
            "skip_destroy": false,
            "tags": {
              "Name": "testing-pythonscript-2-qa"
            },
            "tags_all": {
              "Name": "testing-pythonscript-2-qa"
            },
            "task_role_arn": "arn:aws:iam::136279434049:role/testing-pythonscript-2-qa-ecs-task-execution-role",
            "track_latest": false,
            "volume": []
          },
          "sensitive_attributes": [],
          "identity_schema_version": 0,
          "private": "eyJzY2hlbWFfdmVyc2lvbiI6IjEifQ==",
          "dependencies": [
            "aws_cloudwatch_log_group.ecs_logs",
            "aws_ecr_repository.main",
            "aws_iam_role.ecs_task_execution_role",
            "data.aws_iam_policy_document.ecs_task_execution_role"
          ]
        }
      ]
    },
    {
      "mode": "managed",
      "type": "aws_iam_role",
      "name": "codebuild_role",
      "provider": "provider[\"registry.terraform.io/hashicorp/aws\"]",
      "instances": [
        {
          "schema_version": 0,
          "attributes": {
            "arn": "arn:aws:iam::136279434049:role/testing-pythonscript-2-qa-codebuild-role",
            "assume_role_policy": "{\"Statement\":[{\"Action\":\"sts:AssumeRole\",\"Effect\":\"Allow\",\"Principal\":{\"Service\":\"codebuild.amazonaws.com\"}}],\"Version\":\"2012-10-17\"}",
            "create_date": "2025-12-05T12:00:01Z",
            "description": "",
            "force_detach_policies": false,
            "id": "testing-pythonscript-2-qa-codebuild-role",
            "inline_policy": [],
            "managed_policy_arns": [],
            "max_session_duration": 3600,
            "name": "testing-pythonscript-2-qa-codebuild-role",
            "name_prefix": "",
            "path": "/",
            "permissions_boundary": "",
            "tags": null,
            "tags_all": {},
            "unique_id": "AROAR7OXDENA7KYXQU7R4"
          },
          "sensitive_attributes": [],
          "identity_schema_version": 0,
          "identity": {
            "account_id": "136279434049",
            "name": "testing-pythonscript-2-qa-codebuild-role"
          },
          "private": "bnVsbA=="
        }
      ]
    },
    {
      "mode": "managed",
      "type": "aws_iam_role",
      "name": "codepipeline_role",
      "provider": "provider[\"registry.terraform.io/hashicorp/aws\"]",
      "instances": [
        {
          "schema_version": 0,
          "attributes": {
            "arn": "arn:aws:iam::136279434049:role/testing-pythonscript-2-qa-codepipeline-role",
            "assume_role_policy": "{\"Statement\":[{\"Action\":\"sts:AssumeRole\",\"Effect\":\"Allow\",\"Principal\":{\"Service\":\"codepipeline.amazonaws.com\"}}],\"Version\":\"2012-10-17\"}",
            "create_date": "2025-12-05T12:00:01Z",
            "description": "",
            "force_detach_policies": false,
            "id": "testing-pythonscript-2-qa-codepipeline-role",
            "inline_policy": [],
            "managed_policy_arns": [],
            "max_session_duration": 3600,
            "name": "testing-pythonscript-2-qa-codepipeline-role",
            "name_prefix": "",
            "path": "/",
            "permissions_boundary": "",
            "tags": null,
            "tags_all": {},
            "unique_id": "AROAR7OXDENA4VYO4V6WA"
          },
          "sensitive_attributes": [],
          "identity_schema_version": 0,
          "identity": {
            "account_id": "136279434049",
            "name": "testing-pythonscript-2-qa-codepipeline-role"
          },
          "private": "bnVsbA=="
        }
      ]
    },
    {
      "mode": "managed",
      "type": "aws_iam_role",
      "name": "ecs_task_execution_role",
      "provider": "provider[\"registry.terraform.io/hashicorp/aws\"]",
      "instances": [
        {
          "schema_version": 0,
          "attributes": {
            "arn": "arn:aws:iam::136279434049:role/testing-pythonscript-2-qa-ecs-task-execution-role",
            "assume_role_policy": "{\"Statement\":[{\"Action\":\"sts:AssumeRole\",\"Effect\":\"Allow\",\"Principal\":{\"Service\":\"ecs-tasks.amazonaws.com\"}}],\"Version\":\"2012-10-17\"}",
            "create_date": "2025-12-05T12:00:01Z",
            "description": "",
            "force_detach_policies": false,
            "id": "testing-pythonscript-2-qa-ecs-task-execution-role",
            "inline_policy": [],
            "managed_policy_arns": [],
            "max_session_duration": 3600,
            "name": "testing-pythonscript-2-qa-ecs-task-execution-role",
            "name_prefix": "",
            "path": "/",
            "permissions_boundary": "",
            "tags": null,
            "tags_all": {},
            "unique_id": "AROAR7OXDENAYXDX7KFBB"
          },
          "sensitive_attributes": [],
          "identity_schema_version": 0,
          "identity": {
            "account_id": "136279434049",
            "name": "testing-pythonscript-2-qa-ecs-task-execution-role"
          },
          "private": "bnVsbA==",
          "dependencies": [
            "data.aws_iam_policy_document.ecs_task_execution_role"
          ]
        }
      ]
    },
    {
      "mode": "managed",
      "type": "aws_iam_role",
      "name": "eventbridge_role",
      "provider": "provider[\"registry.terraform.io/hashicorp/aws\"]",
      "instances": [
        {
          "schema_version": 0,
          "attributes": {
            "arn": "arn:aws:iam::136279434049:role/eventbridge-ecs-runner",
            "assume_role_policy": "{\"Statement\":[{\"Action\":\"sts:AssumeRole\",\"Effect\":\"Allow\",\"Principal\":{\"Service\":\"scheduler.amazonaws.com\"}}],\"Version\":\"2012-10-17\"}",
            "create_date": "2025-12-05T12:00:01Z",
            "description": "",
            "force_detach_policies": false,
            "id": "eventbridge-ecs-runner",
            "inline_policy": [],
            "managed_policy_arns": [],
            "max_session_duration": 3600,
            "name": "eventbridge-ecs-runner",
            "name_prefix": "",
            "path": "/",
            "permissions_boundary": "",
            "tags": null,
            "tags_all": {},
            "unique_id": "AROAR7OXDENATIJEADCAE"
          },
          "sensitive_attributes": [],
          "identity_schema_version": 0,
          "identity": {
            "account_id": "136279434049",
            "name": "eventbridge-ecs-runner"
          },
          "private": "bnVsbA=="
        }
      ]
    },
    {
      "mode": "managed",
      "type": "aws_iam_role_policy",
      "name": "codebuild_additional",
      "provider": "provider[\"registry.terraform.io/hashicorp/aws\"]",
      "instances": [
        {
          "schema_version": 0,
          "attributes": {
            "id": "testing-pythonscript-2-qa-codebuild-role:testing-pythonscript-2-qa-codebuild-additional",
            "name": "testing-pythonscript-2-qa-codebuild-additional",
            "name_prefix": "",
            "policy": "{\"Version\":\"2012-10-17\",\"Statement\":[{\"Action\":[\"ecr:GetAuthorizationToken\",\"ecr:BatchCheckLayerAvailability\",\"ecr:GetDownloadUrlForLayer\",\"ecr:GetRepositoryPolicy\",\"ecr:DescribeRepositories\",\"ecr:ListImages\",\"ecr:DescribeImages\",\"ecr:BatchGetImage\",\"ecr:InitiateLayerUpload\",\"ecr:UploadLayerPart\",\"ecr:CompleteLayerUpload\",\"ecr:PutImage\"],\"Effect\":\"Allow\",\"Resource\":\"*\"},{\"Action\":[\"logs:CreateLogGroup\",\"logs:CreateLogStream\",\"logs:PutLogEvents\"],\"Effect\":\"Allow\",\"Resource\":[\"arn:aws:logs:us-west-2:136279434049:log-group:/aws/codebuild/testing-pythonscript-2-qa-build\",\"arn:aws:logs:us-west-2:136279434049:log-group:/aws/codebuild/testing-pythonscript-2-qa-build:*\"]}]}",
            "role": "testing-pythonscript-2-qa-codebuild-role"
          },
          "sensitive_attributes": [],
          "identity_schema_version": 0,
          "identity": {
            "account_id": "136279434049",
            "name": "testing-pythonscript-2-qa-codebuild-additional",
            "role": "testing-pythonscript-2-qa-codebuild-role"
          },
          "private": "bnVsbA==",
          "dependencies": [
            "aws_iam_role.codebuild_role",
            "data.aws_caller_identity.current"
          ]
        }
      ]
    },
    {
      "mode": "managed",
      "type": "aws_iam_role_policy",
      "name": "codebuild_s3_access",
      "provider": "provider[\"registry.terraform.io/hashicorp/aws\"]",
      "instances": [
        {
          "schema_version": 0,
          "attributes": {
            "id": "testing-pythonscript-2-qa-codebuild-role:testing-pythonscript-2-qa-codebuild-s3",
            "name": "testing-pythonscript-2-qa-codebuild-s3",
            "name_prefix": "",
            "policy": "{\"Version\":\"2012-10-17\",\"Statement\":[{\"Action\":[\"s3:GetObject\",\"s3:GetObjectVersion\",\"s3:PutObject\"],\"Effect\":\"Allow\",\"Resource\":[\"arn:aws:s3:::recupe-devops-qa/*\"]}]}",
            "role": "testing-pythonscript-2-qa-codebuild-role"
          },
          "sensitive_attributes": [],
          "identity_schema_version": 0,
          "identity": {
            "account_id": "136279434049",
            "name": "testing-pythonscript-2-qa-codebuild-s3",
            "role": "testing-pythonscript-2-qa-codebuild-role"
          },
          "private": "bnVsbA==",
          "dependencies": [
            "aws_iam_role.codebuild_role"
          ]
        }
      ]
    },
    {
      "mode": "managed",
      "type": "aws_iam_role_policy",
      "name": "codebuild_vpc_access",
      "provider": "provider[\"registry.terraform.io/hashicorp/aws\"]",
      "instances": [
        {
          "schema_version": 0,
          "attributes": {
            "id": "testing-pythonscript-2-qa-codebuild-role:testing-pythonscript-2-qa-codebuild-vpc-access",
            "name": "testing-pythonscript-2-qa-codebuild-vpc-access",
            "name_prefix": "",
            "policy": "{\"Version\":\"2012-10-17\",\"Statement\":[{\"Action\":[\"ec2:CreateNetworkInterface\",\"ec2:DescribeNetworkInterfaces\",\"ec2:DeleteNetworkInterface\",\"ec2:DescribeSubnets\",\"ec2:DescribeSecurityGroups\",\"ec2:DescribeVpcs\",\"ec2:DescribeDhcpOptions\",\"ec2:CreateNetworkInterfacePermission\"],\"Effect\":\"Allow\",\"Resource\":\"*\"}]}",
            "role": "testing-pythonscript-2-qa-codebuild-role"
          },
          "sensitive_attributes": [],
          "identity_schema_version": 0,
          "identity": {
            "account_id": "136279434049",
            "name": "testing-pythonscript-2-qa-codebuild-vpc-access",
            "role": "testing-pythonscript-2-qa-codebuild-role"
          },
          "private": "bnVsbA==",
          "dependencies": [
            "aws_iam_role.codebuild_role"
          ]
        }
      ]
    },
    {
      "mode": "managed",
      "type": "aws_iam_role_policy",
      "name": "codepipeline_policy",
      "provider": "provider[\"registry.terraform.io/hashicorp/aws\"]",
      "instances": [
        {
          "schema_version": 0,
          "attributes": {
            "id": "testing-pythonscript-2-qa-codepipeline-role:testing-pythonscript-2-qa-codepipeline-policy",
            "name": "testing-pythonscript-2-qa-codepipeline-policy",
            "name_prefix": "",
            "policy": "{\"Version\":\"2012-10-17\",\"Statement\":[{\"Action\":[\"codestar-connections:UseConnection\",\"codestar-connections:GetConnection\",\"codestar-connections:GetHost\",\"codestar-connections:GetInstallationUrl\",\"codestar-connections:ListConnections\"],\"Effect\":\"Allow\",\"Resource\":\"*\"},{\"Action\":[\"s3:GetObject\",\"s3:GetObjectVersion\",\"s3:PutObject\",\"s3:PutObjectAcl\",\"s3:GetBucketVersioning\"],\"Effect\":\"Allow\",\"Resource\":[\"arn:aws:s3:::testing-pythonscript-2-qa-codepipeline-artifacts-136279434049\",\"arn:aws:s3:::testing-pythonscript-2-qa-codepipeline-artifacts-136279434049/*\"]},{\"Action\":[\"codebuild:BatchGetBuilds\",\"codebuild:StartBuild\",\"codebuild:BatchGetBuildBatches\",\"codebuild:StartBuildBatch\"],\"Effect\":\"Allow\",\"Resource\":\"arn:aws:codebuild:us-west-2:136279434049:project/testing-pythonscript-2-qa-build\"},{\"Action\":[\"ecr:DescribeImages\"],\"Effect\":\"Allow\",\"Resource\":\"arn:aws:ecr:us-west-2:136279434049:repository/testing-pythonscript-2-qa\"},{\"Action\":[\"ecs:DescribeServices\",\"ecs:DescribeTaskDefinition\",\"ecs:RegisterTaskDefinition\",\"ecs:UpdateService\",\"ecs:DescribeClusters\"],\"Effect\":\"Allow\",\"Resource\":\"*\"},{\"Action\":\"iam:PassRole\",\"Condition\":{\"StringLike\":{\"iam:PassedToService\":\"ecs-tasks.amazonaws.com\"}},\"Effect\":\"Allow\",\"Resource\":[\"arn:aws:iam::136279434049:role/testing-pythonscript-2-qa-ecs-task-execution-role\"]}]}",
            "role": "testing-pythonscript-2-qa-codepipeline-role"
          },
          "sensitive_attributes": [],
          "identity_schema_version": 0,
          "identity": {
            "account_id": "136279434049",
            "name": "testing-pythonscript-2-qa-codepipeline-policy",
            "role": "testing-pythonscript-2-qa-codepipeline-role"
          },
          "private": "bnVsbA==",
          "dependencies": [
            "aws_cloudwatch_log_group.codebuild",
            "aws_codebuild_project.main",
            "aws_ecr_repository.main",
            "aws_iam_role.codebuild_role",
            "aws_iam_role.codepipeline_role",
            "aws_iam_role.ecs_task_execution_role",
            "aws_s3_bucket.codepipeline_artifacts",
            "aws_security_group.codebuild_sg",
            "data.aws_caller_identity.current",
            "data.aws_iam_policy_document.ecs_task_execution_role"
          ]
        }
      ]
    },
    {
      "mode": "managed",
      "type": "aws_iam_role_policy",
      "name": "codepipeline_s3_existing_bucket",
      "provider": "provider[\"registry.terraform.io/hashicorp/aws\"]",
      "instances": [
        {
          "schema_version": 0,
          "attributes": {
            "id": "testing-pythonscript-2-qa-codepipeline-role:testing-pythonscript-2-qa-codepipeline-s3",
            "name": "testing-pythonscript-2-qa-codepipeline-s3",
            "name_prefix": "",
            "policy": "{\"Version\":\"2012-10-17\",\"Statement\":[{\"Action\":[\"s3:GetObject\",\"s3:GetObjectVersion\",\"s3:PutObject\",\"s3:GetBucketVersioning\"],\"Effect\":\"Allow\",\"Resource\":[\"arn:aws:s3:::recupe-devops-qa\",\"arn:aws:s3:::recupe-devops-qa/*\"]}]}",
            "role": "testing-pythonscript-2-qa-codepipeline-role"
          },
          "sensitive_attributes": [],
          "identity_schema_version": 0,
          "identity": {
            "account_id": "136279434049",
            "name": "testing-pythonscript-2-qa-codepipeline-s3",
            "role": "testing-pythonscript-2-qa-codepipeline-role"
          },
          "private": "bnVsbA==",
          "dependencies": [
            "aws_iam_role.codepipeline_role"
          ]
        }
      ]
    },
    {
      "mode": "managed",
      "type": "aws_iam_role_policy",
      "name": "ecs_task_s3_access",
      "provider": "provider[\"registry.terraform.io/hashicorp/aws\"]",
      "instances": [
        {
          "schema_version": 0,
          "attributes": {
            "id": "testing-pythonscript-2-qa-ecs-task-execution-role:testing-pythonscript-2-qa-ecs-s3-policy",
            "name": "testing-pythonscript-2-qa-ecs-s3-policy",
            "name_prefix": "",
            "policy": "{\"Version\":\"2012-10-17\",\"Statement\":[{\"Action\":[\"s3:GetObject\",\"s3:GetObjectVersion\"],\"Effect\":\"Allow\",\"Resource\":\"arn:aws:s3:::recupe-devops-qa/notifiers-python-batch-files/batch.env\"},{\"Action\":[\"s3:ListBucket\"],\"Condition\":{\"StringLike\":{\"s3:prefix\":\"notifiers-python-batch-files/batch.env\"}},\"Effect\":\"Allow\",\"Resource\":\"arn:aws:s3:::recupe-devops-qa\"}]}",
            "role": "testing-pythonscript-2-qa-ecs-task-execution-role"
          },
          "sensitive_attributes": [],
          "identity_schema_version": 0,
          "identity": {
            "account_id": "136279434049",
            "name": "testing-pythonscript-2-qa-ecs-s3-policy",
            "role": "testing-pythonscript-2-qa-ecs-task-execution-role"
          },
          "private": "bnVsbA==",
          "dependencies": [
            "aws_iam_role.ecs_task_execution_role",
            "data.aws_iam_policy_document.ecs_task_execution_role"
          ]
        }
      ]
    },
    {
      "mode": "managed",
      "type": "aws_iam_role_policy",
      "name": "eventbridge_policy",
      "provider": "provider[\"registry.terraform.io/hashicorp/aws\"]",
      "instances": [
        {
          "schema_version": 0,
          "attributes": {
            "id": "eventbridge-ecs-runner:terraform-20251205120004490300000001",
            "name": "terraform-20251205120004490300000001",
            "name_prefix": "terraform-",
            "policy": "{\"Version\":\"2012-10-17\",\"Statement\":[{\"Action\":[\"ecs:RunTask\",\"ecs:DescribeTasks\"],\"Effect\":\"Allow\",\"Resource\":\"*\"},{\"Action\":[\"iam:PassRole\"],\"Effect\":\"Allow\",\"Resource\":[\"arn:aws:iam::136279434049:role/testing-pythonscript-2-qa-ecs-task-execution-role\"]}]}",
            "role": "eventbridge-ecs-runner"
          },
          "sensitive_attributes": [],
          "identity_schema_version": 0,
          "identity": {
            "account_id": "136279434049",
            "name": "terraform-20251205120004490300000001",
            "role": "eventbridge-ecs-runner"
          },
          "private": "bnVsbA==",
          "dependencies": [
            "aws_iam_role.ecs_task_execution_role",
            "aws_iam_role.eventbridge_role",
            "data.aws_iam_policy_document.ecs_task_execution_role"
          ]
        }
      ]
    },
    {
      "mode": "managed",
      "type": "aws_iam_role_policy_attachment",
      "name": "codebuild_cloudwatch",
      "provider": "provider[\"registry.terraform.io/hashicorp/aws\"]",
      "instances": [
        {
          "schema_version": 0,
          "attributes": {
            "id": "testing-pythonscript-2-qa-codebuild-role/arn:aws:iam::aws:policy/CloudWatchLogsFullAccess",
            "policy_arn": "arn:aws:iam::aws:policy/CloudWatchLogsFullAccess",
            "role": "testing-pythonscript-2-qa-codebuild-role"
          },
          "sensitive_attributes": [],
          "identity_schema_version": 0,
          "identity": {
            "account_id": "136279434049",
            "policy_arn": "arn:aws:iam::aws:policy/CloudWatchLogsFullAccess",
            "role": "testing-pythonscript-2-qa-codebuild-role"
          },
          "private": "bnVsbA==",
          "dependencies": [
            "aws_iam_role.codebuild_role"
          ]
        }
      ]
    },
    {
      "mode": "managed",
      "type": "aws_iam_role_policy_attachment",
      "name": "codebuild_ecr",
      "provider": "provider[\"registry.terraform.io/hashicorp/aws\"]",
      "instances": [
        {
          "schema_version": 0,
          "attributes": {
            "id": "testing-pythonscript-2-qa-codebuild-role/arn:aws:iam::aws:policy/AmazonEC2ContainerRegistryPowerUser",
            "policy_arn": "arn:aws:iam::aws:policy/AmazonEC2ContainerRegistryPowerUser",
            "role": "testing-pythonscript-2-qa-codebuild-role"
          },
          "sensitive_attributes": [],
          "identity_schema_version": 0,
          "identity": {
            "account_id": "136279434049",
            "policy_arn": "arn:aws:iam::aws:policy/AmazonEC2ContainerRegistryPowerUser",
            "role": "testing-pythonscript-2-qa-codebuild-role"
          },
          "private": "bnVsbA==",
          "dependencies": [
            "aws_iam_role.codebuild_role"
          ]
        }
      ]
    },
    {
      "mode": "managed",
      "type": "aws_iam_role_policy_attachment",
      "name": "ecs_full_access",
      "provider": "provider[\"registry.terraform.io/hashicorp/aws\"]",
      "instances": [
        {
          "schema_version": 0,
          "attributes": {
            "id": "testing-pythonscript-2-qa-codepipeline-role/arn:aws:iam::aws:policy/AmazonECS_FullAccess",
            "policy_arn": "arn:aws:iam::aws:policy/AmazonECS_FullAccess",
            "role": "testing-pythonscript-2-qa-codepipeline-role"
          },
          "sensitive_attributes": [],
          "identity_schema_version": 0,
          "identity": {
            "account_id": "136279434049",
            "policy_arn": "arn:aws:iam::aws:policy/AmazonECS_FullAccess",
            "role": "testing-pythonscript-2-qa-codepipeline-role"
          },
          "private": "bnVsbA==",
          "dependencies": [
            "aws_iam_role.codepipeline_role"
          ]
        }
      ]
    },
    {
      "mode": "managed",
      "type": "aws_iam_role_policy_attachment",
      "name": "ecs_task_execution_role",
      "provider": "provider[\"registry.terraform.io/hashicorp/aws\"]",
      "instances": [
        {
          "schema_version": 0,
          "attributes": {
            "id": "testing-pythonscript-2-qa-ecs-task-execution-role/arn:aws:iam::aws:policy/service-role/AmazonECSTaskExecutionRolePolicy",
            "policy_arn": "arn:aws:iam::aws:policy/service-role/AmazonECSTaskExecutionRolePolicy",
            "role": "testing-pythonscript-2-qa-ecs-task-execution-role"
          },
          "sensitive_attributes": [],
          "identity_schema_version": 0,
          "identity": {
            "account_id": "136279434049",
            "policy_arn": "arn:aws:iam::aws:policy/service-role/AmazonECSTaskExecutionRolePolicy",
            "role": "testing-pythonscript-2-qa-ecs-task-execution-role"
          },
          "private": "bnVsbA==",
          "dependencies": [
            "aws_iam_role.ecs_task_execution_role",
            "data.aws_iam_policy_document.ecs_task_execution_role"
          ]
        }
      ]
    },
    {
      "mode": "managed",
      "type": "aws_s3_bucket",
      "name": "codepipeline_artifacts",
      "provider": "provider[\"registry.terraform.io/hashicorp/aws\"]",
      "instances": [
        {
          "schema_version": 0,
          "attributes": {
            "acceleration_status": "",
            "acl": null,
            "arn": "arn:aws:s3:::testing-pythonscript-2-qa-codepipeline-artifacts-136279434049",
            "bucket": "testing-pythonscript-2-qa-codepipeline-artifacts-136279434049",
            "bucket_domain_name": "testing-pythonscript-2-qa-codepipeline-artifacts-136279434049.s3.amazonaws.com",
            "bucket_prefix": "",
            "bucket_region": "us-west-2",
            "bucket_regional_domain_name": "testing-pythonscript-2-qa-codepipeline-artifacts-136279434049.s3.us-west-2.amazonaws.com",
            "cors_rule": [],
            "force_destroy": true,
            "grant": [
              {
                "id": "9b723a0f8d4d0decc8b87edf77e82777eacfc5973ae71f408cafe51d23f5ab27",
                "permissions": [
                  "FULL_CONTROL"
                ],
                "type": "CanonicalUser",
                "uri": ""
              }
            ],
            "hosted_zone_id": "Z3BJ6K6RIION7M",
            "id": "testing-pythonscript-2-qa-codepipeline-artifacts-136279434049",
            "lifecycle_rule": [],
            "logging": [],
            "object_lock_configuration": [],
            "object_lock_enabled": false,
            "policy": "",
            "region": "us-west-2",
            "replication_configuration": [],
            "request_payer": "BucketOwner",
            "server_side_encryption_configuration": [
              {
                "rule": [
                  {
                    "apply_server_side_encryption_by_default": [
                      {
                        "kms_master_key_id": "",
                        "sse_algorithm": "AES256"
                      }
                    ],
                    "bucket_key_enabled": false
                  }
                ]
              }
            ],
            "tags": {
              "Name": "testing-pythonscript-2-qa-codepipeline-artifacts"
            },
            "tags_all": {
              "Name": "testing-pythonscript-2-qa-codepipeline-artifacts"
            },
            "timeouts": null,
            "versioning": [
              {
                "enabled": false,
                "mfa_delete": false
              }
            ],
            "website": [],
            "website_domain": null,
            "website_endpoint": null
          },
          "sensitive_attributes": [],
          "identity_schema_version": 0,
          "identity": {
            "account_id": "136279434049",
            "bucket": "testing-pythonscript-2-qa-codepipeline-artifacts-136279434049",
            "region": "us-west-2"
          },
          "private": "eyJlMmJmYjczMC1lY2FhLTExZTYtOGY4OC0zNDM2M2JjN2M0YzAiOnsiY3JlYXRlIjoxMjAwMDAwMDAwMDAwLCJkZWxldGUiOjM2MDAwMDAwMDAwMDAsInJlYWQiOjEyMDAwMDAwMDAwMDAsInVwZGF0ZSI6MTIwMDAwMDAwMDAwMH19",
          "dependencies": [
            "data.aws_caller_identity.current"
          ]
        }
      ]
    },
    {
      "mode": "managed",
      "type": "aws_s3_bucket_policy",
      "name": "codebuild_access",
      "provider": "provider[\"registry.terraform.io/hashicorp/aws\"]",
      "instances": [
        {
          "schema_version": 0,
          "attributes": {
            "bucket": "recupe-devops-qa",
            "id": "recupe-devops-qa",
            "policy": "{\"Statement\":[{\"Action\":[\"s3:GetObject\",\"s3:GetObjectVersion\",\"s3:PutObject\"],\"Effect\":\"Allow\",\"Principal\":{\"AWS\":\"arn:aws:iam::136279434049:role/testing-pythonscript-2-qa-codebuild-role\"},\"Resource\":\"arn:aws:s3:::recupe-devops-qa/*\"}],\"Version\":\"2012-10-17\"}",
            "region": "us-west-2"
          },
          "sensitive_attributes": [],
          "identity_schema_version": 0,
          "identity": {
            "account_id": "136279434049",
            "bucket": "recupe-devops-qa",
            "region": "us-west-2"
          },
          "private": "bnVsbA==",
          "dependencies": [
            "aws_iam_role.codebuild_role"
          ]
        }
      ]
    },
    {
      "mode": "managed",
      "type": "aws_s3_bucket_public_access_block",
      "name": "public_access",
      "provider": "provider[\"registry.terraform.io/hashicorp/aws\"]",
      "instances": [
        {
          "schema_version": 0,
          "attributes": {
            "block_public_acls": true,
            "block_public_policy": true,
            "bucket": "testing-pythonscript-2-qa-codepipeline-artifacts-136279434049",
            "id": "testing-pythonscript-2-qa-codepipeline-artifacts-136279434049",
            "ignore_public_acls": true,
            "region": "us-west-2",
            "restrict_public_buckets": true,
            "skip_destroy": null
          },
          "sensitive_attributes": [],
          "identity_schema_version": 0,
          "identity": {
            "account_id": "136279434049",
            "bucket": "testing-pythonscript-2-qa-codepipeline-artifacts-136279434049",
            "region": "us-west-2"
          },
          "private": "bnVsbA==",
          "dependencies": [
            "aws_s3_bucket.codepipeline_artifacts",
            "data.aws_caller_identity.current"
          ]
        }
      ]
    },
    {
      "mode": "managed",
      "type": "aws_s3_bucket_server_side_encryption_configuration",
      "name": "encryption",
      "provider": "provider[\"registry.terraform.io/hashicorp/aws\"]",
      "instances": [
        {
          "schema_version": 0,
          "attributes": {
            "bucket": "testing-pythonscript-2-qa-codepipeline-artifacts-136279434049",
            "expected_bucket_owner": "",
            "id": "testing-pythonscript-2-qa-codepipeline-artifacts-136279434049",
            "region": "us-west-2",
            "rule": [
              {
                "apply_server_side_encryption_by_default": [
                  {
                    "kms_master_key_id": "",
                    "sse_algorithm": "AES256"
                  }
                ],
                "blocked_encryption_types": [],
                "bucket_key_enabled": null
              }
            ]
          },
          "sensitive_attributes": [],
          "identity_schema_version": 0,
          "identity": {
            "account_id": "136279434049",
            "bucket": "testing-pythonscript-2-qa-codepipeline-artifacts-136279434049",
            "expected_bucket_owner": null,
            "region": "us-west-2"
          },
          "private": "bnVsbA==",
          "dependencies": [
            "aws_s3_bucket.codepipeline_artifacts",
            "data.aws_caller_identity.current"
          ]
        }
      ]
    },
    {
      "mode": "managed",
      "type": "aws_s3_bucket_versioning",
      "name": "versioning",
      "provider": "provider[\"registry.terraform.io/hashicorp/aws\"]",
      "instances": [
        {
          "schema_version": 0,
          "attributes": {
            "bucket": "testing-pythonscript-2-qa-codepipeline-artifacts-136279434049",
            "expected_bucket_owner": "",
            "id": "testing-pythonscript-2-qa-codepipeline-artifacts-136279434049",
            "mfa": null,
            "region": "us-west-2",
            "versioning_configuration": [
              {
                "mfa_delete": "",
                "status": "Enabled"
              }
            ]
          },
          "sensitive_attributes": [],
          "identity_schema_version": 0,
          "identity": {
            "account_id": "136279434049",
            "bucket": "testing-pythonscript-2-qa-codepipeline-artifacts-136279434049",
            "expected_bucket_owner": null,
            "region": "us-west-2"
          },
          "private": "bnVsbA==",
          "dependencies": [
            "aws_s3_bucket.codepipeline_artifacts",
            "data.aws_caller_identity.current"
          ]
        }
      ]
    },
    {
      "mode": "managed",
      "type": "aws_scheduler_schedule",
      "name": "ecs_task",
      "provider": "provider[\"registry.terraform.io/hashicorp/aws\"]",
      "instances": [
        {
          "index_key": "app_event_errors_notifier",
          "schema_version": 0,
          "attributes": {
            "action_after_completion": "NONE",
            "arn": "arn:aws:scheduler:us-west-2:136279434049:schedule/default/app_event_errors_notifier-qa",
            "description": "Scheduled ECS task for app_event_errors_notifier",
            "end_date": "",
            "flexible_time_window": [
              {
                "maximum_window_in_minutes": 0,
                "mode": "OFF"
              }
            ],
            "group_name": "default",
            "id": "default/app_event_errors_notifier-qa",
            "kms_key_arn": "",
            "name": "app_event_errors_notifier-qa",
            "name_prefix": "",
            "region": "us-west-2",
            "schedule_expression": "cron(0 */6 * * ? *)",
            "schedule_expression_timezone": "UTC",
            "start_date": "",
            "state": "ENABLED",
            "target": [
              {
                "arn": "arn:aws:ecs:us-west-2:136279434049:cluster/Test-notfier",
                "dead_letter_config": [],
                "ecs_parameters": [
                  {
                    "capacity_provider_strategy": [],
                    "enable_ecs_managed_tags": false,
                    "enable_execute_command": false,
                    "group": "",
                    "launch_type": "FARGATE",
                    "network_configuration": [
                      {
                        "assign_public_ip": false,
                        "security_groups": [
                          "sg-0919982972de5b550"
                        ],
                        "subnets": [
                          "subnet-06e7f91ac149c8fc9",
                          "subnet-09a5205170294f953"
                        ]
                      }
                    ],
                    "placement_constraints": [],
                    "placement_strategy": [],
                    "platform_version": "LATEST",
                    "propagate_tags": "",
                    "reference_id": "",
                    "tags": null,
                    "task_count": 1,
                    "task_definition_arn": "arn:aws:ecs:us-west-2:136279434049:task-definition/testing-pythonscript-2-qa-task:6"
                  }
                ],
                "eventbridge_parameters": [],
                "input": "{\"containerOverrides\":[{\"command\":[\"python3\",\"/notifiers/notifier/email_notifier/app_event_errors_notifier.py\"],\"name\":\"testing-pythonscript-2-qa\"}]}",
                "kinesis_parameters": [],
                "retry_policy": [
                  {
                    "maximum_event_age_in_seconds": 86400,
                    "maximum_retry_attempts": 185
                  }
                ],
                "role_arn": "arn:aws:iam::136279434049:role/eventbridge-ecs-runner",
                "sagemaker_pipeline_parameters": [],
                "sqs_parameters": []
              }
            ]
          },
          "sensitive_attributes": [],
          "identity_schema_version": 0,
          "private": "bnVsbA==",
          "dependencies": [
            "aws_cloudwatch_log_group.ecs_logs",
            "aws_ecr_repository.main",
            "aws_ecs_task_definition.main",
            "aws_iam_role.ecs_task_execution_role",
            "aws_iam_role.eventbridge_role",
            "data.aws_iam_policy_document.ecs_task_execution_role"
          ]
        },
        {
          "index_key": "charting_billing_events_generator",
          "schema_version": 0,
          "attributes": {
            "action_after_completion": "NONE",
            "arn": "arn:aws:scheduler:us-west-2:136279434049:schedule/default/charting_billing_events_generator-qa",
            "description": "Scheduled ECS task for charting_billing_events_generator",
            "end_date": "",
            "flexible_time_window": [
              {
                "maximum_window_in_minutes": 0,
                "mode": "OFF"
              }
            ],
            "group_name": "default",
            "id": "default/charting_billing_events_generator-qa",
            "kms_key_arn": "",
            "name": "charting_billing_events_generator-qa",
            "name_prefix": "",
            "region": "us-west-2",
            "schedule_expression": "cron(0 */1 * * ? *)",
            "schedule_expression_timezone": "UTC",
            "start_date": "",
            "state": "ENABLED",
            "target": [
              {
                "arn": "arn:aws:ecs:us-west-2:136279434049:cluster/Test-notfier",
                "dead_letter_config": [],
                "ecs_parameters": [
                  {
                    "capacity_provider_strategy": [],
                    "enable_ecs_managed_tags": false,
                    "enable_execute_command": false,
                    "group": "",
                    "launch_type": "FARGATE",
                    "network_configuration": [
                      {
                        "assign_public_ip": false,
                        "security_groups": [
                          "sg-0919982972de5b550"
                        ],
                        "subnets": [
                          "subnet-06e7f91ac149c8fc9",
                          "subnet-09a5205170294f953"
                        ]
                      }
                    ],
                    "placement_constraints": [],
                    "placement_strategy": [],
                    "platform_version": "LATEST",
                    "propagate_tags": "",
                    "reference_id": "",
                    "tags": null,
                    "task_count": 1,
                    "task_definition_arn": "arn:aws:ecs:us-west-2:136279434049:task-definition/testing-pythonscript-2-qa-task:6"
                  }
                ],
                "eventbridge_parameters": [],
                "input": "{\"containerOverrides\":[{\"command\":[\"python3\",\"/notifiers/events_generator/charting_billing_events_generator.py\"],\"name\":\"testing-pythonscript-2-qa\"}]}",
                "kinesis_parameters": [],
                "retry_policy": [
                  {
                    "maximum_event_age_in_seconds": 86400,
                    "maximum_retry_attempts": 185
                  }
                ],
                "role_arn": "arn:aws:iam::136279434049:role/eventbridge-ecs-runner",
                "sagemaker_pipeline_parameters": [],
                "sqs_parameters": []
              }
            ]
          },
          "sensitive_attributes": [],
          "identity_schema_version": 0,
          "private": "bnVsbA==",
          "dependencies": [
            "aws_cloudwatch_log_group.ecs_logs",
            "aws_ecr_repository.main",
            "aws_ecs_task_definition.main",
            "aws_iam_role.ecs_task_execution_role",
            "aws_iam_role.eventbridge_role",
            "data.aws_iam_policy_document.ecs_task_execution_role"
          ]
        },
        {
          "index_key": "checklist_notification",
          "schema_version": 0,
          "attributes": {
            "action_after_completion": "NONE",
            "arn": "arn:aws:scheduler:us-west-2:136279434049:schedule/default/checklist_notification-qa",
            "description": "Scheduled ECS task for checklist_notification",
            "end_date": "",
            "flexible_time_window": [
              {
                "maximum_window_in_minutes": 0,
                "mode": "OFF"
              }
            ],
            "group_name": "default",
            "id": "default/checklist_notification-qa",
            "kms_key_arn": "",
            "name": "checklist_notification-qa",
            "name_prefix": "",
            "region": "us-west-2",
            "schedule_expression": "cron(10 * * * ? *)",
            "schedule_expression_timezone": "UTC",
            "start_date": "",
            "state": "ENABLED",
            "target": [
              {
                "arn": "arn:aws:ecs:us-west-2:136279434049:cluster/Test-notfier",
                "dead_letter_config": [],
                "ecs_parameters": [
                  {
                    "capacity_provider_strategy": [],
                    "enable_ecs_managed_tags": false,
                    "enable_execute_command": false,
                    "group": "",
                    "launch_type": "FARGATE",
                    "network_configuration": [
                      {
                        "assign_public_ip": false,
                        "security_groups": [
                          "sg-0919982972de5b550"
                        ],
                        "subnets": [
                          "subnet-06e7f91ac149c8fc9",
                          "subnet-09a5205170294f953"
                        ]
                      }
                    ],
                    "placement_constraints": [],
                    "placement_strategy": [],
                    "platform_version": "LATEST",
                    "propagate_tags": "",
                    "reference_id": "",
                    "tags": null,
                    "task_count": 1,
                    "task_definition_arn": "arn:aws:ecs:us-west-2:136279434049:task-definition/testing-pythonscript-2-qa-task:6"
                  }
                ],
                "eventbridge_parameters": [],
                "input": "{\"containerOverrides\":[{\"command\":[\"python3\",\"/notifiers/notifier/push_notifiers/checklist_notification.py\"],\"name\":\"testing-pythonscript-2-qa\"}]}",
                "kinesis_parameters": [],
                "retry_policy": [
                  {
                    "maximum_event_age_in_seconds": 86400,
                    "maximum_retry_attempts": 185
                  }
                ],
                "role_arn": "arn:aws:iam::136279434049:role/eventbridge-ecs-runner",
                "sagemaker_pipeline_parameters": [],
                "sqs_parameters": []
              }
            ]
          },
          "sensitive_attributes": [],
          "identity_schema_version": 0,
          "private": "bnVsbA==",
          "dependencies": [
            "aws_cloudwatch_log_group.ecs_logs",
            "aws_ecr_repository.main",
            "aws_ecs_task_definition.main",
            "aws_iam_role.ecs_task_execution_role",
            "aws_iam_role.eventbridge_role",
            "data.aws_iam_policy_document.ecs_task_execution_role"
          ]
        },
        {
          "index_key": "data_integrity_checker",
          "schema_version": 0,
          "attributes": {
            "action_after_completion": "NONE",
            "arn": "arn:aws:scheduler:us-west-2:136279434049:schedule/default/data_integrity_checker-qa",
            "description": "Scheduled ECS task for data_integrity_checker",
            "end_date": "",
            "flexible_time_window": [
              {
                "maximum_window_in_minutes": 0,
                "mode": "OFF"
              }
            ],
            "group_name": "default",
            "id": "default/data_integrity_checker-qa",
            "kms_key_arn": "",
            "name": "data_integrity_checker-qa",
            "name_prefix": "",
            "region": "us-west-2",
            "schedule_expression": "cron(30 6 * * ? *)",
            "schedule_expression_timezone": "UTC",
            "start_date": "",
            "state": "ENABLED",
            "target": [
              {
                "arn": "arn:aws:ecs:us-west-2:136279434049:cluster/Test-notfier",
                "dead_letter_config": [],
                "ecs_parameters": [
                  {
                    "capacity_provider_strategy": [],
                    "enable_ecs_managed_tags": false,
                    "enable_execute_command": false,
                    "group": "",
                    "launch_type": "FARGATE",
                    "network_configuration": [
                      {
                        "assign_public_ip": false,
                        "security_groups": [
                          "sg-0919982972de5b550"
                        ],
                        "subnets": [
                          "subnet-06e7f91ac149c8fc9",
                          "subnet-09a5205170294f953"
                        ]
                      }
                    ],
                    "placement_constraints": [],
                    "placement_strategy": [],
                    "platform_version": "LATEST",
                    "propagate_tags": "",
                    "reference_id": "",
                    "tags": null,
                    "task_count": 1,
                    "task_definition_arn": "arn:aws:ecs:us-west-2:136279434049:task-definition/testing-pythonscript-2-qa-task:6"
                  }
                ],
                "eventbridge_parameters": [],
                "input": "{\"containerOverrides\":[{\"command\":[\"python3\",\"/notifiers/notifier/email_notifier/data_integrity_checker.py\"],\"name\":\"testing-pythonscript-2-qa\"}]}",
                "kinesis_parameters": [],
                "retry_policy": [
                  {
                    "maximum_event_age_in_seconds": 86400,
                    "maximum_retry_attempts": 185
                  }
                ],
                "role_arn": "arn:aws:iam::136279434049:role/eventbridge-ecs-runner",
                "sagemaker_pipeline_parameters": [],
                "sqs_parameters": []
              }
            ]
          },
          "sensitive_attributes": [],
          "identity_schema_version": 0,
          "private": "bnVsbA==",
          "dependencies": [
            "aws_cloudwatch_log_group.ecs_logs",
            "aws_ecr_repository.main",
            "aws_ecs_task_definition.main",
            "aws_iam_role.ecs_task_execution_role",
            "aws_iam_role.eventbridge_role",
            "data.aws_iam_policy_document.ecs_task_execution_role"
          ]
        },
        {
          "index_key": "last_proms_alert_generator",
          "schema_version": 0,
          "attributes": {
            "action_after_completion": "NONE",
            "arn": "arn:aws:scheduler:us-west-2:136279434049:schedule/default/last_proms_alert_generator-qa",
            "description": "Scheduled ECS task for last_proms_alert_generator",
            "end_date": "",
            "flexible_time_window": [
              {
                "maximum_window_in_minutes": 0,
                "mode": "OFF"
              }
            ],
            "group_name": "default",
            "id": "default/last_proms_alert_generator-qa",
            "kms_key_arn": "",
            "name": "last_proms_alert_generator-qa",
            "name_prefix": "",
            "region": "us-west-2",
            "schedule_expression": "cron(15 */1 * * ? *)",
            "schedule_expression_timezone": "UTC",
            "start_date": "",
            "state": "ENABLED",
            "target": [
              {
                "arn": "arn:aws:ecs:us-west-2:136279434049:cluster/Test-notfier",
                "dead_letter_config": [],
                "ecs_parameters": [
                  {
                    "capacity_provider_strategy": [],
                    "enable_ecs_managed_tags": false,
                    "enable_execute_command": false,
                    "group": "",
                    "launch_type": "FARGATE",
                    "network_configuration": [
                      {
                        "assign_public_ip": false,
                        "security_groups": [
                          "sg-0919982972de5b550"
                        ],
                        "subnets": [
                          "subnet-06e7f91ac149c8fc9",
                          "subnet-09a5205170294f953"
                        ]
                      }
                    ],
                    "placement_constraints": [],
                    "placement_strategy": [],
                    "platform_version": "LATEST",
                    "propagate_tags": "",
                    "reference_id": "",
                    "tags": null,
                    "task_count": 1,
                    "task_definition_arn": "arn:aws:ecs:us-west-2:136279434049:task-definition/testing-pythonscript-2-qa-task:6"
                  }
                ],
                "eventbridge_parameters": [],
                "input": "{\"containerOverrides\":[{\"command\":[\"python3\",\"/notifiers/alert_generator/last_proms_alert_generator.py\"],\"name\":\"testing-pythonscript-2-qa\"}]}",
                "kinesis_parameters": [],
                "retry_policy": [
                  {
                    "maximum_event_age_in_seconds": 86400,
                    "maximum_retry_attempts": 185
                  }
                ],
                "role_arn": "arn:aws:iam::136279434049:role/eventbridge-ecs-runner",
                "sagemaker_pipeline_parameters": [],
                "sqs_parameters": []
              }
            ]
          },
          "sensitive_attributes": [],
          "identity_schema_version": 0,
          "private": "bnVsbA==",
          "dependencies": [
            "aws_cloudwatch_log_group.ecs_logs",
            "aws_ecr_repository.main",
            "aws_ecs_task_definition.main",
            "aws_iam_role.ecs_task_execution_role",
            "aws_iam_role.eventbridge_role",
            "data.aws_iam_policy_document.ecs_task_execution_role"
          ]
        },
        {
          "index_key": "medication_notification",
          "schema_version": 0,
          "attributes": {
            "action_after_completion": "NONE",
            "arn": "arn:aws:scheduler:us-west-2:136279434049:schedule/default/medication_notification-qa",
            "description": "Scheduled ECS task for medication_notification",
            "end_date": "",
            "flexible_time_window": [
              {
                "maximum_window_in_minutes": 0,
                "mode": "OFF"
              }
            ],
            "group_name": "default",
            "id": "default/medication_notification-qa",
            "kms_key_arn": "",
            "name": "medication_notification-qa",
            "name_prefix": "",
            "region": "us-west-2",
            "schedule_expression": "cron(*/5 * * * ? *)",
            "schedule_expression_timezone": "UTC",
            "start_date": "",
            "state": "ENABLED",
            "target": [
              {
                "arn": "arn:aws:ecs:us-west-2:136279434049:cluster/Test-notfier",
                "dead_letter_config": [],
                "ecs_parameters": [
                  {
                    "capacity_provider_strategy": [],
                    "enable_ecs_managed_tags": false,
                    "enable_execute_command": false,
                    "group": "",
                    "launch_type": "FARGATE",
                    "network_configuration": [
                      {
                        "assign_public_ip": false,
                        "security_groups": [
                          "sg-0919982972de5b550"
                        ],
                        "subnets": [
                          "subnet-06e7f91ac149c8fc9",
                          "subnet-09a5205170294f953"
                        ]
                      }
                    ],
                    "placement_constraints": [],
                    "placement_strategy": [],
                    "platform_version": "LATEST",
                    "propagate_tags": "",
                    "reference_id": "",
                    "tags": null,
                    "task_count": 1,
                    "task_definition_arn": "arn:aws:ecs:us-west-2:136279434049:task-definition/testing-pythonscript-2-qa-task:6"
                  }
                ],
                "eventbridge_parameters": [],
                "input": "{\"containerOverrides\":[{\"command\":[\"python3\",\"/notifiers/notifier/push_notifiers/medication_notification.py\"],\"name\":\"testing-pythonscript-2-qa\"}]}",
                "kinesis_parameters": [],
                "retry_policy": [
                  {
                    "maximum_event_age_in_seconds": 86400,
                    "maximum_retry_attempts": 185
                  }
                ],
                "role_arn": "arn:aws:iam::136279434049:role/eventbridge-ecs-runner",
                "sagemaker_pipeline_parameters": [],
                "sqs_parameters": []
              }
            ]
          },
          "sensitive_attributes": [],
          "identity_schema_version": 0,
          "private": "bnVsbA==",
          "dependencies": [
            "aws_cloudwatch_log_group.ecs_logs",
            "aws_ecr_repository.main",
            "aws_ecs_task_definition.main",
            "aws_iam_role.ecs_task_execution_role",
            "aws_iam_role.eventbridge_role",
            "data.aws_iam_policy_document.ecs_task_execution_role"
          ]
        },
        {
          "index_key": "no_app_login_alert_generator",
          "schema_version": 0,
          "attributes": {
            "action_after_completion": "NONE",
            "arn": "arn:aws:scheduler:us-west-2:136279434049:schedule/default/no_app_login_alert_generator-qa",
            "description": "Scheduled ECS task for no_app_login_alert_generator",
            "end_date": "",
            "flexible_time_window": [
              {
                "maximum_window_in_minutes": 0,
                "mode": "OFF"
              }
            ],
            "group_name": "default",
            "id": "default/no_app_login_alert_generator-qa",
            "kms_key_arn": "",
            "name": "no_app_login_alert_generator-qa",
            "name_prefix": "",
            "region": "us-west-2",
            "schedule_expression": "cron(15 */1 * * ? *)",
            "schedule_expression_timezone": "UTC",
            "start_date": "",
            "state": "ENABLED",
            "target": [
              {
                "arn": "arn:aws:ecs:us-west-2:136279434049:cluster/Test-notfier",
                "dead_letter_config": [],
                "ecs_parameters": [
                  {
                    "capacity_provider_strategy": [],
                    "enable_ecs_managed_tags": false,
                    "enable_execute_command": false,
                    "group": "",
                    "launch_type": "FARGATE",
                    "network_configuration": [
                      {
                        "assign_public_ip": false,
                        "security_groups": [
                          "sg-0919982972de5b550"
                        ],
                        "subnets": [
                          "subnet-06e7f91ac149c8fc9",
                          "subnet-09a5205170294f953"
                        ]
                      }
                    ],
                    "placement_constraints": [],
                    "placement_strategy": [],
                    "platform_version": "LATEST",
                    "propagate_tags": "",
                    "reference_id": "",
                    "tags": null,
                    "task_count": 1,
                    "task_definition_arn": "arn:aws:ecs:us-west-2:136279434049:task-definition/testing-pythonscript-2-qa-task:6"
                  }
                ],
                "eventbridge_parameters": [],
                "input": "{\"containerOverrides\":[{\"command\":[\"python3\",\"/notifiers/alert_generator/no_app_login_alert_generator.py\"],\"name\":\"testing-pythonscript-2-qa\"}]}",
                "kinesis_parameters": [],
                "retry_policy": [
                  {
                    "maximum_event_age_in_seconds": 86400,
                    "maximum_retry_attempts": 185
                  }
                ],
                "role_arn": "arn:aws:iam::136279434049:role/eventbridge-ecs-runner",
                "sagemaker_pipeline_parameters": [],
                "sqs_parameters": []
              }
            ]
          },
          "sensitive_attributes": [],
          "identity_schema_version": 0,
          "private": "bnVsbA==",
          "dependencies": [
            "aws_cloudwatch_log_group.ecs_logs",
            "aws_ecr_repository.main",
            "aws_ecs_task_definition.main",
            "aws_iam_role.ecs_task_execution_role",
            "aws_iam_role.eventbridge_role",
            "data.aws_iam_policy_document.ecs_task_execution_role"
          ]
        },
        {
          "index_key": "no_hep_assigned_alert_generator",
          "schema_version": 0,
          "attributes": {
            "action_after_completion": "NONE",
            "arn": "arn:aws:scheduler:us-west-2:136279434049:schedule/default/no_hep_assigned_alert_generator-qa",
            "description": "Scheduled ECS task for no_hep_assigned_alert_generator",
            "end_date": "",
            "flexible_time_window": [
              {
                "maximum_window_in_minutes": 0,
                "mode": "OFF"
              }
            ],
            "group_name": "default",
            "id": "default/no_hep_assigned_alert_generator-qa",
            "kms_key_arn": "",
            "name": "no_hep_assigned_alert_generator-qa",
            "name_prefix": "",
            "region": "us-west-2",
            "schedule_expression": "cron(15 */1 * * ? *)",
            "schedule_expression_timezone": "UTC",
            "start_date": "",
            "state": "ENABLED",
            "target": [
              {
                "arn": "arn:aws:ecs:us-west-2:136279434049:cluster/Test-notfier",
                "dead_letter_config": [],
                "ecs_parameters": [
                  {
                    "capacity_provider_strategy": [],
                    "enable_ecs_managed_tags": false,
                    "enable_execute_command": false,
                    "group": "",
                    "launch_type": "FARGATE",
                    "network_configuration": [
                      {
                        "assign_public_ip": false,
                        "security_groups": [
                          "sg-0919982972de5b550"
                        ],
                        "subnets": [
                          "subnet-06e7f91ac149c8fc9",
                          "subnet-09a5205170294f953"
                        ]
                      }
                    ],
                    "placement_constraints": [],
                    "placement_strategy": [],
                    "platform_version": "LATEST",
                    "propagate_tags": "",
                    "reference_id": "",
                    "tags": null,
                    "task_count": 1,
                    "task_definition_arn": "arn:aws:ecs:us-west-2:136279434049:task-definition/testing-pythonscript-2-qa-task:6"
                  }
                ],
                "eventbridge_parameters": [],
                "input": "{\"containerOverrides\":[{\"command\":[\"python3\",\"/notifiers/alert_generator/no_hep_assigned_alert_generator.py\"],\"name\":\"testing-pythonscript-2-qa\"}]}",
                "kinesis_parameters": [],
                "retry_policy": [
                  {
                    "maximum_event_age_in_seconds": 86400,
                    "maximum_retry_attempts": 185
                  }
                ],
                "role_arn": "arn:aws:iam::136279434049:role/eventbridge-ecs-runner",
                "sagemaker_pipeline_parameters": [],
                "sqs_parameters": []
              }
            ]
          },
          "sensitive_attributes": [],
          "identity_schema_version": 0,
          "private": "bnVsbA==",
          "dependencies": [
            "aws_cloudwatch_log_group.ecs_logs",
            "aws_ecr_repository.main",
            "aws_ecs_task_definition.main",
            "aws_iam_role.ecs_task_execution_role",
            "aws_iam_role.eventbridge_role",
            "data.aws_iam_policy_document.ecs_task_execution_role"
          ]
        },
        {
          "index_key": "no_hep_change_alert_generator",
          "schema_version": 0,
          "attributes": {
            "action_after_completion": "NONE",
            "arn": "arn:aws:scheduler:us-west-2:136279434049:schedule/default/no_hep_change_alert_generator-qa",
            "description": "Scheduled ECS task for no_hep_change_alert_generator",
            "end_date": "",
            "flexible_time_window": [
              {
                "maximum_window_in_minutes": 0,
                "mode": "OFF"
              }
            ],
            "group_name": "default",
            "id": "default/no_hep_change_alert_generator-qa",
            "kms_key_arn": "",
            "name": "no_hep_change_alert_generator-qa",
            "name_prefix": "",
            "region": "us-west-2",
            "schedule_expression": "cron(15 */1 * * ? *)",
            "schedule_expression_timezone": "UTC",
            "start_date": "",
            "state": "ENABLED",
            "target": [
              {
                "arn": "arn:aws:ecs:us-west-2:136279434049:cluster/Test-notfier",
                "dead_letter_config": [],
                "ecs_parameters": [
                  {
                    "capacity_provider_strategy": [],
                    "enable_ecs_managed_tags": false,
                    "enable_execute_command": false,
                    "group": "",
                    "launch_type": "FARGATE",
                    "network_configuration": [
                      {
                        "assign_public_ip": false,
                        "security_groups": [
                          "sg-0919982972de5b550"
                        ],
                        "subnets": [
                          "subnet-06e7f91ac149c8fc9",
                          "subnet-09a5205170294f953"
                        ]
                      }
                    ],
                    "placement_constraints": [],
                    "placement_strategy": [],
                    "platform_version": "LATEST",
                    "propagate_tags": "",
                    "reference_id": "",
                    "tags": null,
                    "task_count": 1,
                    "task_definition_arn": "arn:aws:ecs:us-west-2:136279434049:task-definition/testing-pythonscript-2-qa-task:6"
                  }
                ],
                "eventbridge_parameters": [],
                "input": "{\"containerOverrides\":[{\"command\":[\"python3\",\"/notifiers/alert_generator/no_hep_change_alert_generator.py\"],\"name\":\"testing-pythonscript-2-qa\"}]}",
                "kinesis_parameters": [],
                "retry_policy": [
                  {
                    "maximum_event_age_in_seconds": 86400,
                    "maximum_retry_attempts": 185
                  }
                ],
                "role_arn": "arn:aws:iam::136279434049:role/eventbridge-ecs-runner",
                "sagemaker_pipeline_parameters": [],
                "sqs_parameters": []
              }
            ]
          },
          "sensitive_attributes": [],
          "identity_schema_version": 0,
          "private": "bnVsbA==",
          "dependencies": [
            "aws_cloudwatch_log_group.ecs_logs",
            "aws_ecr_repository.main",
            "aws_ecs_task_definition.main",
            "aws_iam_role.ecs_task_execution_role",
            "aws_iam_role.eventbridge_role",
            "data.aws_iam_policy_document.ecs_task_execution_role"
          ]
        },
        {
          "index_key": "non_surgical_notification",
          "schema_version": 0,
          "attributes": {
            "action_after_completion": "NONE",
            "arn": "arn:aws:scheduler:us-west-2:136279434049:schedule/default/non_surgical_notification-qa",
            "description": "Scheduled ECS task for non_surgical_notification",
            "end_date": "",
            "flexible_time_window": [
              {
                "maximum_window_in_minutes": 0,
                "mode": "OFF"
              }
            ],
            "group_name": "default",
            "id": "default/non_surgical_notification-qa",
            "kms_key_arn": "",
            "name": "non_surgical_notification-qa",
            "name_prefix": "",
            "region": "us-west-2",
            "schedule_expression": "cron(*/5 * * * ? *)",
            "schedule_expression_timezone": "UTC",
            "start_date": "",
            "state": "ENABLED",
            "target": [
              {
                "arn": "arn:aws:ecs:us-west-2:136279434049:cluster/Test-notfier",
                "dead_letter_config": [],
                "ecs_parameters": [
                  {
                    "capacity_provider_strategy": [],
                    "enable_ecs_managed_tags": false,
                    "enable_execute_command": false,
                    "group": "",
                    "launch_type": "FARGATE",
                    "network_configuration": [
                      {
                        "assign_public_ip": false,
                        "security_groups": [
                          "sg-0919982972de5b550"
                        ],
                        "subnets": [
                          "subnet-06e7f91ac149c8fc9",
                          "subnet-09a5205170294f953"
                        ]
                      }
                    ],
                    "placement_constraints": [],
                    "placement_strategy": [],
                    "platform_version": "LATEST",
                    "propagate_tags": "",
                    "reference_id": "",
                    "tags": null,
                    "task_count": 1,
                    "task_definition_arn": "arn:aws:ecs:us-west-2:136279434049:task-definition/testing-pythonscript-2-qa-task:6"
                  }
                ],
                "eventbridge_parameters": [],
                "input": "{\"containerOverrides\":[{\"command\":[\"python3\",\"/notifiers/notifier/push_notifiers/non_surgical_notification.py\"],\"name\":\"testing-pythonscript-2-qa\"}]}",
                "kinesis_parameters": [],
                "retry_policy": [
                  {
                    "maximum_event_age_in_seconds": 86400,
                    "maximum_retry_attempts": 185
                  }
                ],
                "role_arn": "arn:aws:iam::136279434049:role/eventbridge-ecs-runner",
                "sagemaker_pipeline_parameters": [],
                "sqs_parameters": []
              }
            ]
          },
          "sensitive_attributes": [],
          "identity_schema_version": 0,
          "private": "bnVsbA==",
          "dependencies": [
            "aws_cloudwatch_log_group.ecs_logs",
            "aws_ecr_repository.main",
            "aws_ecs_task_definition.main",
            "aws_iam_role.ecs_task_execution_role",
            "aws_iam_role.eventbridge_role",
            "data.aws_iam_policy_document.ecs_task_execution_role"
          ]
        },
        {
          "index_key": "nps_request_alert",
          "schema_version": 0,
          "attributes": {
            "action_after_completion": "NONE",
            "arn": "arn:aws:scheduler:us-west-2:136279434049:schedule/default/nps_request_alert-qa",
            "description": "Scheduled ECS task for nps_request_alert",
            "end_date": "",
            "flexible_time_window": [
              {
                "maximum_window_in_minutes": 0,
                "mode": "OFF"
              }
            ],
            "group_name": "default",
            "id": "default/nps_request_alert-qa",
            "kms_key_arn": "",
            "name": "nps_request_alert-qa",
            "name_prefix": "",
            "region": "us-west-2",
            "schedule_expression": "cron(15 */1 * * ? *)",
            "schedule_expression_timezone": "UTC",
            "start_date": "",
            "state": "ENABLED",
            "target": [
              {
                "arn": "arn:aws:ecs:us-west-2:136279434049:cluster/Test-notfier",
                "dead_letter_config": [],
                "ecs_parameters": [
                  {
                    "capacity_provider_strategy": [],
                    "enable_ecs_managed_tags": false,
                    "enable_execute_command": false,
                    "group": "",
                    "launch_type": "FARGATE",
                    "network_configuration": [
                      {
                        "assign_public_ip": false,
                        "security_groups": [
                          "sg-0919982972de5b550"
                        ],
                        "subnets": [
                          "subnet-06e7f91ac149c8fc9",
                          "subnet-09a5205170294f953"
                        ]
                      }
                    ],
                    "placement_constraints": [],
                    "placement_strategy": [],
                    "platform_version": "LATEST",
                    "propagate_tags": "",
                    "reference_id": "",
                    "tags": null,
                    "task_count": 1,
                    "task_definition_arn": "arn:aws:ecs:us-west-2:136279434049:task-definition/testing-pythonscript-2-qa-task:6"
                  }
                ],
                "eventbridge_parameters": [],
                "input": "{\"containerOverrides\":[{\"command\":[\"python3\",\"/notifiers/alert_generator/nps_request_alert.py\"],\"name\":\"testing-pythonscript-2-qa\"}]}",
                "kinesis_parameters": [],
                "retry_policy": [
                  {
                    "maximum_event_age_in_seconds": 86400,
                    "maximum_retry_attempts": 185
                  }
                ],
                "role_arn": "arn:aws:iam::136279434049:role/eventbridge-ecs-runner",
                "sagemaker_pipeline_parameters": [],
                "sqs_parameters": []
              }
            ]
          },
          "sensitive_attributes": [],
          "identity_schema_version": 0,
          "private": "bnVsbA==",
          "dependencies": [
            "aws_cloudwatch_log_group.ecs_logs",
            "aws_ecr_repository.main",
            "aws_ecs_task_definition.main",
            "aws_iam_role.ecs_task_execution_role",
            "aws_iam_role.eventbridge_role",
            "data.aws_iam_policy_document.ecs_task_execution_role"
          ]
        },
        {
          "index_key": "postop_notification",
          "schema_version": 0,
          "attributes": {
            "action_after_completion": "NONE",
            "arn": "arn:aws:scheduler:us-west-2:136279434049:schedule/default/postop_notification-qa",
            "description": "Scheduled ECS task for postop_notification",
            "end_date": "",
            "flexible_time_window": [
              {
                "maximum_window_in_minutes": 0,
                "mode": "OFF"
              }
            ],
            "group_name": "default",
            "id": "default/postop_notification-qa",
            "kms_key_arn": "",
            "name": "postop_notification-qa",
            "name_prefix": "",
            "region": "us-west-2",
            "schedule_expression": "cron(*/5 * * * ? *)",
            "schedule_expression_timezone": "UTC",
            "start_date": "",
            "state": "ENABLED",
            "target": [
              {
                "arn": "arn:aws:ecs:us-west-2:136279434049:cluster/Test-notfier",
                "dead_letter_config": [],
                "ecs_parameters": [
                  {
                    "capacity_provider_strategy": [],
                    "enable_ecs_managed_tags": false,
                    "enable_execute_command": false,
                    "group": "",
                    "launch_type": "FARGATE",
                    "network_configuration": [
                      {
                        "assign_public_ip": false,
                        "security_groups": [
                          "sg-0919982972de5b550"
                        ],
                        "subnets": [
                          "subnet-06e7f91ac149c8fc9",
                          "subnet-09a5205170294f953"
                        ]
                      }
                    ],
                    "placement_constraints": [],
                    "placement_strategy": [],
                    "platform_version": "LATEST",
                    "propagate_tags": "",
                    "reference_id": "",
                    "tags": null,
                    "task_count": 1,
                    "task_definition_arn": "arn:aws:ecs:us-west-2:136279434049:task-definition/testing-pythonscript-2-qa-task:6"
                  }
                ],
                "eventbridge_parameters": [],
                "input": "{\"containerOverrides\":[{\"command\":[\"python3\",\"/notifiers/notifier/push_notifiers/postop_notification.py\"],\"name\":\"testing-pythonscript-2-qa\"}]}",
                "kinesis_parameters": [],
                "retry_policy": [
                  {
                    "maximum_event_age_in_seconds": 86400,
                    "maximum_retry_attempts": 185
                  }
                ],
                "role_arn": "arn:aws:iam::136279434049:role/eventbridge-ecs-runner",
                "sagemaker_pipeline_parameters": [],
                "sqs_parameters": []
              }
            ]
          },
          "sensitive_attributes": [],
          "identity_schema_version": 0,
          "private": "bnVsbA==",
          "dependencies": [
            "aws_cloudwatch_log_group.ecs_logs",
            "aws_ecr_repository.main",
            "aws_ecs_task_definition.main",
            "aws_iam_role.ecs_task_execution_role",
            "aws_iam_role.eventbridge_role",
            "data.aws_iam_policy_document.ecs_task_execution_role"
          ]
        },
        {
          "index_key": "preop_notification",
          "schema_version": 0,
          "attributes": {
            "action_after_completion": "NONE",
            "arn": "arn:aws:scheduler:us-west-2:136279434049:schedule/default/preop_notification-qa",
            "description": "Scheduled ECS task for preop_notification",
            "end_date": "",
            "flexible_time_window": [
              {
                "maximum_window_in_minutes": 0,
                "mode": "OFF"
              }
            ],
            "group_name": "default",
            "id": "default/preop_notification-qa",
            "kms_key_arn": "",
            "name": "preop_notification-qa",
            "name_prefix": "",
            "region": "us-west-2",
            "schedule_expression": "cron(*/5 * * * ? *)",
            "schedule_expression_timezone": "UTC",
            "start_date": "",
            "state": "ENABLED",
            "target": [
              {
                "arn": "arn:aws:ecs:us-west-2:136279434049:cluster/Test-notfier",
                "dead_letter_config": [],
                "ecs_parameters": [
                  {
                    "capacity_provider_strategy": [],
                    "enable_ecs_managed_tags": false,
                    "enable_execute_command": false,
                    "group": "",
                    "launch_type": "FARGATE",
                    "network_configuration": [
                      {
                        "assign_public_ip": false,
                        "security_groups": [
                          "sg-0919982972de5b550"
                        ],
                        "subnets": [
                          "subnet-06e7f91ac149c8fc9",
                          "subnet-09a5205170294f953"
                        ]
                      }
                    ],
                    "placement_constraints": [],
                    "placement_strategy": [],
                    "platform_version": "LATEST",
                    "propagate_tags": "",
                    "reference_id": "",
                    "tags": null,
                    "task_count": 1,
                    "task_definition_arn": "arn:aws:ecs:us-west-2:136279434049:task-definition/testing-pythonscript-2-qa-task:6"
                  }
                ],
                "eventbridge_parameters": [],
                "input": "{\"containerOverrides\":[{\"command\":[\"python3\",\"/notifiers/notifier/push_notifiers/preop_notification.py\"],\"name\":\"testing-pythonscript-2-qa\"}]}",
                "kinesis_parameters": [],
                "retry_policy": [
                  {
                    "maximum_event_age_in_seconds": 86400,
                    "maximum_retry_attempts": 185
                  }
                ],
                "role_arn": "arn:aws:iam::136279434049:role/eventbridge-ecs-runner",
                "sagemaker_pipeline_parameters": [],
                "sqs_parameters": []
              }
            ]
          },
          "sensitive_attributes": [],
          "identity_schema_version": 0,
          "private": "bnVsbA==",
          "dependencies": [
            "aws_cloudwatch_log_group.ecs_logs",
            "aws_ecr_repository.main",
            "aws_ecs_task_definition.main",
            "aws_iam_role.ecs_task_execution_role",
            "aws_iam_role.eventbridge_role",
            "data.aws_iam_policy_document.ecs_task_execution_role"
          ]
        },
        {
          "index_key": "pt_attendance_checker_am",
          "schema_version": 0,
          "attributes": {
            "action_after_completion": "NONE",
            "arn": "arn:aws:scheduler:us-west-2:136279434049:schedule/default/pt_attendance_checker_am-qa",
            "description": "Scheduled ECS task for pt_attendance_checker_am",
            "end_date": "",
            "flexible_time_window": [
              {
                "maximum_window_in_minutes": 0,
                "mode": "OFF"
              }
            ],
            "group_name": "default",
            "id": "default/pt_attendance_checker_am-qa",
            "kms_key_arn": "",
            "name": "pt_attendance_checker_am-qa",
            "name_prefix": "",
            "region": "us-west-2",
            "schedule_expression": "cron(10 0/4 * * ? *)",
            "schedule_expression_timezone": "UTC",
            "start_date": "",
            "state": "ENABLED",
            "target": [
              {
                "arn": "arn:aws:ecs:us-west-2:136279434049:cluster/Test-notfier",
                "dead_letter_config": [],
                "ecs_parameters": [
                  {
                    "capacity_provider_strategy": [],
                    "enable_ecs_managed_tags": false,
                    "enable_execute_command": false,
                    "group": "",
                    "launch_type": "FARGATE",
                    "network_configuration": [
                      {
                        "assign_public_ip": false,
                        "security_groups": [
                          "sg-0919982972de5b550"
                        ],
                        "subnets": [
                          "subnet-06e7f91ac149c8fc9",
                          "subnet-09a5205170294f953"
                        ]
                      }
                    ],
                    "placement_constraints": [],
                    "placement_strategy": [],
                    "platform_version": "LATEST",
                    "propagate_tags": "",
                    "reference_id": "",
                    "tags": null,
                    "task_count": 1,
                    "task_definition_arn": "arn:aws:ecs:us-west-2:136279434049:task-definition/testing-pythonscript-2-qa-task:6"
                  }
                ],
                "eventbridge_parameters": [],
                "input": "{\"containerOverrides\":[{\"command\":[\"python3\",\"/notifiers/events_generator/pt_attendance_checker.py\",\"am\"],\"name\":\"testing-pythonscript-2-qa\"}]}",
                "kinesis_parameters": [],
                "retry_policy": [
                  {
                    "maximum_event_age_in_seconds": 86400,
                    "maximum_retry_attempts": 185
                  }
                ],
                "role_arn": "arn:aws:iam::136279434049:role/eventbridge-ecs-runner",
                "sagemaker_pipeline_parameters": [],
                "sqs_parameters": []
              }
            ]
          },
          "sensitive_attributes": [],
          "identity_schema_version": 0,
          "private": "bnVsbA==",
          "dependencies": [
            "aws_cloudwatch_log_group.ecs_logs",
            "aws_ecr_repository.main",
            "aws_ecs_task_definition.main",
            "aws_iam_role.ecs_task_execution_role",
            "aws_iam_role.eventbridge_role",
            "data.aws_iam_policy_document.ecs_task_execution_role"
          ]
        },
        {
          "index_key": "pt_attendance_checker_pm",
          "schema_version": 0,
          "attributes": {
            "action_after_completion": "NONE",
            "arn": "arn:aws:scheduler:us-west-2:136279434049:schedule/default/pt_attendance_checker_pm-qa",
            "description": "Scheduled ECS task for pt_attendance_checker_pm",
            "end_date": "",
            "flexible_time_window": [
              {
                "maximum_window_in_minutes": 0,
                "mode": "OFF"
              }
            ],
            "group_name": "default",
            "id": "default/pt_attendance_checker_pm-qa",
            "kms_key_arn": "",
            "name": "pt_attendance_checker_pm-qa",
            "name_prefix": "",
            "region": "us-west-2",
            "schedule_expression": "cron(15 0/4 * * ? *)",
            "schedule_expression_timezone": "UTC",
            "start_date": "",
            "state": "ENABLED",
            "target": [
              {
                "arn": "arn:aws:ecs:us-west-2:136279434049:cluster/Test-notfier",
                "dead_letter_config": [],
                "ecs_parameters": [
                  {
                    "capacity_provider_strategy": [],
                    "enable_ecs_managed_tags": false,
                    "enable_execute_command": false,
                    "group": "",
                    "launch_type": "FARGATE",
                    "network_configuration": [
                      {
                        "assign_public_ip": false,
                        "security_groups": [
                          "sg-0919982972de5b550"
                        ],
                        "subnets": [
                          "subnet-06e7f91ac149c8fc9",
                          "subnet-09a5205170294f953"
                        ]
                      }
                    ],
                    "placement_constraints": [],
                    "placement_strategy": [],
                    "platform_version": "LATEST",
                    "propagate_tags": "",
                    "reference_id": "",
                    "tags": null,
                    "task_count": 1,
                    "task_definition_arn": "arn:aws:ecs:us-west-2:136279434049:task-definition/testing-pythonscript-2-qa-task:6"
                  }
                ],
                "eventbridge_parameters": [],
                "input": "{\"containerOverrides\":[{\"command\":[\"python3\",\"/notifiers/events_generator/pt_attendance_checker.py\",\"pm\"],\"name\":\"testing-pythonscript-2-qa\"}]}",
                "kinesis_parameters": [],
                "retry_policy": [
                  {
                    "maximum_event_age_in_seconds": 86400,
                    "maximum_retry_attempts": 185
                  }
                ],
                "role_arn": "arn:aws:iam::136279434049:role/eventbridge-ecs-runner",
                "sagemaker_pipeline_parameters": [],
                "sqs_parameters": []
              }
            ]
          },
          "sensitive_attributes": [],
          "identity_schema_version": 0,
          "private": "bnVsbA==",
          "dependencies": [
            "aws_cloudwatch_log_group.ecs_logs",
            "aws_ecr_repository.main",
            "aws_ecs_task_definition.main",
            "aws_iam_role.ecs_task_execution_role",
            "aws_iam_role.eventbridge_role",
            "data.aws_iam_policy_document.ecs_task_execution_role"
          ]
        },
        {
          "index_key": "recovery_info_notifier",
          "schema_version": 0,
          "attributes": {
            "action_after_completion": "NONE",
            "arn": "arn:aws:scheduler:us-west-2:136279434049:schedule/default/recovery_info_notifier-qa",
            "description": "Scheduled ECS task for recovery_info_notifier",
            "end_date": "",
            "flexible_time_window": [
              {
                "maximum_window_in_minutes": 0,
                "mode": "OFF"
              }
            ],
            "group_name": "default",
            "id": "default/recovery_info_notifier-qa",
            "kms_key_arn": "",
            "name": "recovery_info_notifier-qa",
            "name_prefix": "",
            "region": "us-west-2",
            "schedule_expression": "cron(*/30 * * * ? *)",
            "schedule_expression_timezone": "UTC",
            "start_date": "",
            "state": "ENABLED",
            "target": [
              {
                "arn": "arn:aws:ecs:us-west-2:136279434049:cluster/Test-notfier",
                "dead_letter_config": [],
                "ecs_parameters": [
                  {
                    "capacity_provider_strategy": [],
                    "enable_ecs_managed_tags": false,
                    "enable_execute_command": false,
                    "group": "",
                    "launch_type": "FARGATE",
                    "network_configuration": [
                      {
                        "assign_public_ip": false,
                        "security_groups": [
                          "sg-0919982972de5b550"
                        ],
                        "subnets": [
                          "subnet-06e7f91ac149c8fc9",
                          "subnet-09a5205170294f953"
                        ]
                      }
                    ],
                    "placement_constraints": [],
                    "placement_strategy": [],
                    "platform_version": "LATEST",
                    "propagate_tags": "",
                    "reference_id": "",
                    "tags": null,
                    "task_count": 1,
                    "task_definition_arn": "arn:aws:ecs:us-west-2:136279434049:task-definition/testing-pythonscript-2-qa-task:6"
                  }
                ],
                "eventbridge_parameters": [],
                "input": "{\"containerOverrides\":[{\"command\":[\"python3\",\"/notifiers/notifier/push_notifiers/recovery_info_notifier.py\"],\"name\":\"testing-pythonscript-2-qa\"}]}",
                "kinesis_parameters": [],
                "retry_policy": [
                  {
                    "maximum_event_age_in_seconds": 86400,
                    "maximum_retry_attempts": 185
                  }
                ],
                "role_arn": "arn:aws:iam::136279434049:role/eventbridge-ecs-runner",
                "sagemaker_pipeline_parameters": [],
                "sqs_parameters": []
              }
            ]
          },
          "sensitive_attributes": [],
          "identity_schema_version": 0,
          "private": "bnVsbA==",
          "dependencies": [
            "aws_cloudwatch_log_group.ecs_logs",
            "aws_ecr_repository.main",
            "aws_ecs_task_definition.main",
            "aws_iam_role.ecs_task_execution_role",
            "aws_iam_role.eventbridge_role",
            "data.aws_iam_policy_document.ecs_task_execution_role"
          ]
        },
        {
          "index_key": "recupe_kit_eta_alert_generator",
          "schema_version": 0,
          "attributes": {
            "action_after_completion": "NONE",
            "arn": "arn:aws:scheduler:us-west-2:136279434049:schedule/default/recupe_kit_eta_alert_generator-qa",
            "description": "Scheduled ECS task for recupe_kit_eta_alert_generator",
            "end_date": "",
            "flexible_time_window": [
              {
                "maximum_window_in_minutes": 0,
                "mode": "OFF"
              }
            ],
            "group_name": "default",
            "id": "default/recupe_kit_eta_alert_generator-qa",
            "kms_key_arn": "",
            "name": "recupe_kit_eta_alert_generator-qa",
            "name_prefix": "",
            "region": "us-west-2",
            "schedule_expression": "cron(15 */1 * * ? *)",
            "schedule_expression_timezone": "UTC",
            "start_date": "",
            "state": "ENABLED",
            "target": [
              {
                "arn": "arn:aws:ecs:us-west-2:136279434049:cluster/Test-notfier",
                "dead_letter_config": [],
                "ecs_parameters": [
                  {
                    "capacity_provider_strategy": [],
                    "enable_ecs_managed_tags": false,
                    "enable_execute_command": false,
                    "group": "",
                    "launch_type": "FARGATE",
                    "network_configuration": [
                      {
                        "assign_public_ip": false,
                        "security_groups": [
                          "sg-0919982972de5b550"
                        ],
                        "subnets": [
                          "subnet-06e7f91ac149c8fc9",
                          "subnet-09a5205170294f953"
                        ]
                      }
                    ],
                    "placement_constraints": [],
                    "placement_strategy": [],
                    "platform_version": "LATEST",
                    "propagate_tags": "",
                    "reference_id": "",
                    "tags": null,
                    "task_count": 1,
                    "task_definition_arn": "arn:aws:ecs:us-west-2:136279434049:task-definition/testing-pythonscript-2-qa-task:6"
                  }
                ],
                "eventbridge_parameters": [],
                "input": "{\"containerOverrides\":[{\"command\":[\"python3\",\"/notifiers/alert_generator/recupe_kit_eta_alert_generator.py\"],\"name\":\"testing-pythonscript-2-qa\"}]}",
                "kinesis_parameters": [],
                "retry_policy": [
                  {
                    "maximum_event_age_in_seconds": 86400,
                    "maximum_retry_attempts": 185
                  }
                ],
                "role_arn": "arn:aws:iam::136279434049:role/eventbridge-ecs-runner",
                "sagemaker_pipeline_parameters": [],
                "sqs_parameters": []
              }
            ]
          },
          "sensitive_attributes": [],
          "identity_schema_version": 0,
          "private": "bnVsbA==",
          "dependencies": [
            "aws_cloudwatch_log_group.ecs_logs",
            "aws_ecr_repository.main",
            "aws_ecs_task_definition.main",
            "aws_iam_role.ecs_task_execution_role",
            "aws_iam_role.eventbridge_role",
            "data.aws_iam_policy_document.ecs_task_execution_role"
          ]
        },
        {
          "index_key": "rpm_rtm_billing_events_generator",
          "schema_version": 0,
          "attributes": {
            "action_after_completion": "NONE",
            "arn": "arn:aws:scheduler:us-west-2:136279434049:schedule/default/rpm_rtm_billing_events_generator-qa",
            "description": "Scheduled ECS task for rpm_rtm_billing_events_generator",
            "end_date": "",
            "flexible_time_window": [
              {
                "maximum_window_in_minutes": 0,
                "mode": "OFF"
              }
            ],
            "group_name": "default",
            "id": "default/rpm_rtm_billing_events_generator-qa",
            "kms_key_arn": "",
            "name": "rpm_rtm_billing_events_generator-qa",
            "name_prefix": "",
            "region": "us-west-2",
            "schedule_expression": "cron(0 10 * * ? *)",
            "schedule_expression_timezone": "UTC",
            "start_date": "",
            "state": "ENABLED",
            "target": [
              {
                "arn": "arn:aws:ecs:us-west-2:136279434049:cluster/Test-notfier",
                "dead_letter_config": [],
                "ecs_parameters": [
                  {
                    "capacity_provider_strategy": [],
                    "enable_ecs_managed_tags": false,
                    "enable_execute_command": false,
                    "group": "",
                    "launch_type": "FARGATE",
                    "network_configuration": [
                      {
                        "assign_public_ip": false,
                        "security_groups": [
                          "sg-0919982972de5b550"
                        ],
                        "subnets": [
                          "subnet-06e7f91ac149c8fc9",
                          "subnet-09a5205170294f953"
                        ]
                      }
                    ],
                    "placement_constraints": [],
                    "placement_strategy": [],
                    "platform_version": "LATEST",
                    "propagate_tags": "",
                    "reference_id": "",
                    "tags": null,
                    "task_count": 1,
                    "task_definition_arn": "arn:aws:ecs:us-west-2:136279434049:task-definition/testing-pythonscript-2-qa-task:6"
                  }
                ],
                "eventbridge_parameters": [],
                "input": "{\"containerOverrides\":[{\"command\":[\"python3\",\"/notifiers/events_generator/rpm_rtm_billing_events_generator.py\"],\"name\":\"testing-pythonscript-2-qa\"}]}",
                "kinesis_parameters": [],
                "retry_policy": [
                  {
                    "maximum_event_age_in_seconds": 86400,
                    "maximum_retry_attempts": 185
                  }
                ],
                "role_arn": "arn:aws:iam::136279434049:role/eventbridge-ecs-runner",
                "sagemaker_pipeline_parameters": [],
                "sqs_parameters": []
              }
            ]
          },
          "sensitive_attributes": [],
          "identity_schema_version": 0,
          "private": "bnVsbA==",
          "dependencies": [
            "aws_cloudwatch_log_group.ecs_logs",
            "aws_ecr_repository.main",
            "aws_ecs_task_definition.main",
            "aws_iam_role.ecs_task_execution_role",
            "aws_iam_role.eventbridge_role",
            "data.aws_iam_policy_document.ecs_task_execution_role"
          ]
        },
        {
          "index_key": "send_email_to_notifier_to_psm",
          "schema_version": 0,
          "attributes": {
            "action_after_completion": "NONE",
            "arn": "arn:aws:scheduler:us-west-2:136279434049:schedule/default/send_email_to_notifier_to_psm-qa",
            "description": "Scheduled ECS task for send_email_to_notifier_to_psm",
            "end_date": "",
            "flexible_time_window": [
              {
                "maximum_window_in_minutes": 0,
                "mode": "OFF"
              }
            ],
            "group_name": "default",
            "id": "default/send_email_to_notifier_to_psm-qa",
            "kms_key_arn": "",
            "name": "send_email_to_notifier_to_psm-qa",
            "name_prefix": "",
            "region": "us-west-2",
            "schedule_expression": "cron(*/30 * * * ? *)",
            "schedule_expression_timezone": "UTC",
            "start_date": "",
            "state": "ENABLED",
            "target": [
              {
                "arn": "arn:aws:ecs:us-west-2:136279434049:cluster/Test-notfier",
                "dead_letter_config": [],
                "ecs_parameters": [
                  {
                    "capacity_provider_strategy": [],
                    "enable_ecs_managed_tags": false,
                    "enable_execute_command": false,
                    "group": "",
                    "launch_type": "FARGATE",
                    "network_configuration": [
                      {
                        "assign_public_ip": false,
                        "security_groups": [
                          "sg-0919982972de5b550"
                        ],
                        "subnets": [
                          "subnet-06e7f91ac149c8fc9",
                          "subnet-09a5205170294f953"
                        ]
                      }
                    ],
                    "placement_constraints": [],
                    "placement_strategy": [],
                    "platform_version": "LATEST",
                    "propagate_tags": "",
                    "reference_id": "",
                    "tags": null,
                    "task_count": 1,
                    "task_definition_arn": "arn:aws:ecs:us-west-2:136279434049:task-definition/testing-pythonscript-2-qa-task:6"
                  }
                ],
                "eventbridge_parameters": [],
                "input": "{\"containerOverrides\":[{\"command\":[\"python3\",\"/notifiers/notifier/email_notifier/send_email_to_notifier_to_psm.py\"],\"name\":\"testing-pythonscript-2-qa\"}]}",
                "kinesis_parameters": [],
                "retry_policy": [
                  {
                    "maximum_event_age_in_seconds": 86400,
                    "maximum_retry_attempts": 185
                  }
                ],
                "role_arn": "arn:aws:iam::136279434049:role/eventbridge-ecs-runner",
                "sagemaker_pipeline_parameters": [],
                "sqs_parameters": []
              }
            ]
          },
          "sensitive_attributes": [],
          "identity_schema_version": 0,
          "private": "bnVsbA==",
          "dependencies": [
            "aws_cloudwatch_log_group.ecs_logs",
            "aws_ecr_repository.main",
            "aws_ecs_task_definition.main",
            "aws_iam_role.ecs_task_execution_role",
            "aws_iam_role.eventbridge_role",
            "data.aws_iam_policy_document.ecs_task_execution_role"
          ]
        },
        {
          "index_key": "session_notification",
          "schema_version": 0,
          "attributes": {
            "action_after_completion": "NONE",
            "arn": "arn:aws:scheduler:us-west-2:136279434049:schedule/default/session_notification-qa",
            "description": "Scheduled ECS task for session_notification",
            "end_date": "",
            "flexible_time_window": [
              {
                "maximum_window_in_minutes": 0,
                "mode": "OFF"
              }
            ],
            "group_name": "default",
            "id": "default/session_notification-qa",
            "kms_key_arn": "",
            "name": "session_notification-qa",
            "name_prefix": "",
            "region": "us-west-2",
            "schedule_expression": "cron(*/15 * * * ? *)",
            "schedule_expression_timezone": "UTC",
            "start_date": "",
            "state": "ENABLED",
            "target": [
              {
                "arn": "arn:aws:ecs:us-west-2:136279434049:cluster/Test-notfier",
                "dead_letter_config": [],
                "ecs_parameters": [
                  {
                    "capacity_provider_strategy": [],
                    "enable_ecs_managed_tags": false,
                    "enable_execute_command": false,
                    "group": "",
                    "launch_type": "FARGATE",
                    "network_configuration": [
                      {
                        "assign_public_ip": false,
                        "security_groups": [
                          "sg-0919982972de5b550"
                        ],
                        "subnets": [
                          "subnet-06e7f91ac149c8fc9",
                          "subnet-09a5205170294f953"
                        ]
                      }
                    ],
                    "placement_constraints": [],
                    "placement_strategy": [],
                    "platform_version": "LATEST",
                    "propagate_tags": "",
                    "reference_id": "",
                    "tags": null,
                    "task_count": 1,
                    "task_definition_arn": "arn:aws:ecs:us-west-2:136279434049:task-definition/testing-pythonscript-2-qa-task:6"
                  }
                ],
                "eventbridge_parameters": [],
                "input": "{\"containerOverrides\":[{\"command\":[\"python3\",\"/notifiers/notifier/push_notifiers/session_notification.py\"],\"name\":\"testing-pythonscript-2-qa\"}]}",
                "kinesis_parameters": [],
                "retry_policy": [
                  {
                    "maximum_event_age_in_seconds": 86400,
                    "maximum_retry_attempts": 185
                  }
                ],
                "role_arn": "arn:aws:iam::136279434049:role/eventbridge-ecs-runner",
                "sagemaker_pipeline_parameters": [],
                "sqs_parameters": []
              }
            ]
          },
          "sensitive_attributes": [],
          "identity_schema_version": 0,
          "private": "bnVsbA==",
          "dependencies": [
            "aws_cloudwatch_log_group.ecs_logs",
            "aws_ecr_repository.main",
            "aws_ecs_task_definition.main",
            "aws_iam_role.ecs_task_execution_role",
            "aws_iam_role.eventbridge_role",
            "data.aws_iam_policy_document.ecs_task_execution_role"
          ]
        },
        {
          "index_key": "survey_followup_notification",
          "schema_version": 0,
          "attributes": {
            "action_after_completion": "NONE",
            "arn": "arn:aws:scheduler:us-west-2:136279434049:schedule/default/survey_followup_notification-qa",
            "description": "Scheduled ECS task for survey_followup_notification",
            "end_date": "",
            "flexible_time_window": [
              {
                "maximum_window_in_minutes": 0,
                "mode": "OFF"
              }
            ],
            "group_name": "default",
            "id": "default/survey_followup_notification-qa",
            "kms_key_arn": "",
            "name": "survey_followup_notification-qa",
            "name_prefix": "",
            "region": "us-west-2",
            "schedule_expression": "cron(*/30 * * * ? *)",
            "schedule_expression_timezone": "UTC",
            "start_date": "",
            "state": "ENABLED",
            "target": [
              {
                "arn": "arn:aws:ecs:us-west-2:136279434049:cluster/Test-notfier",
                "dead_letter_config": [],
                "ecs_parameters": [
                  {
                    "capacity_provider_strategy": [],
                    "enable_ecs_managed_tags": false,
                    "enable_execute_command": false,
                    "group": "",
                    "launch_type": "FARGATE",
                    "network_configuration": [
                      {
                        "assign_public_ip": false,
                        "security_groups": [
                          "sg-0919982972de5b550"
                        ],
                        "subnets": [
                          "subnet-06e7f91ac149c8fc9",
                          "subnet-09a5205170294f953"
                        ]
                      }
                    ],
                    "placement_constraints": [],
                    "placement_strategy": [],
                    "platform_version": "LATEST",
                    "propagate_tags": "",
                    "reference_id": "",
                    "tags": null,
                    "task_count": 1,
                    "task_definition_arn": "arn:aws:ecs:us-west-2:136279434049:task-definition/testing-pythonscript-2-qa-task:6"
                  }
                ],
                "eventbridge_parameters": [],
                "input": "{\"containerOverrides\":[{\"command\":[\"python3\",\"/notifiers/notifier/push_notifiers/survey_followup_notification.py\"],\"name\":\"testing-pythonscript-2-qa\"}]}",
                "kinesis_parameters": [],
                "retry_policy": [
                  {
                    "maximum_event_age_in_seconds": 86400,
                    "maximum_retry_attempts": 185
                  }
                ],
                "role_arn": "arn:aws:iam::136279434049:role/eventbridge-ecs-runner",
                "sagemaker_pipeline_parameters": [],
                "sqs_parameters": []
              }
            ]
          },
          "sensitive_attributes": [],
          "identity_schema_version": 0,
          "private": "bnVsbA==",
          "dependencies": [
            "aws_cloudwatch_log_group.ecs_logs",
            "aws_ecr_repository.main",
            "aws_ecs_task_definition.main",
            "aws_iam_role.ecs_task_execution_role",
            "aws_iam_role.eventbridge_role",
            "data.aws_iam_policy_document.ecs_task_execution_role"
          ]
        },
        {
          "index_key": "tendency_alert_generator",
          "schema_version": 0,
          "attributes": {
            "action_after_completion": "NONE",
            "arn": "arn:aws:scheduler:us-west-2:136279434049:schedule/default/tendency_alert_generator-qa",
            "description": "Scheduled ECS task for tendency_alert_generator",
            "end_date": "",
            "flexible_time_window": [
              {
                "maximum_window_in_minutes": 0,
                "mode": "OFF"
              }
            ],
            "group_name": "default",
            "id": "default/tendency_alert_generator-qa",
            "kms_key_arn": "",
            "name": "tendency_alert_generator-qa",
            "name_prefix": "",
            "region": "us-west-2",
            "schedule_expression": "cron(15 */1 * * ? *)",
            "schedule_expression_timezone": "UTC",
            "start_date": "",
            "state": "ENABLED",
            "target": [
              {
                "arn": "arn:aws:ecs:us-west-2:136279434049:cluster/Test-notfier",
                "dead_letter_config": [],
                "ecs_parameters": [
                  {
                    "capacity_provider_strategy": [],
                    "enable_ecs_managed_tags": false,
                    "enable_execute_command": false,
                    "group": "",
                    "launch_type": "FARGATE",
                    "network_configuration": [
                      {
                        "assign_public_ip": false,
                        "security_groups": [
                          "sg-0919982972de5b550"
                        ],
                        "subnets": [
                          "subnet-06e7f91ac149c8fc9",
                          "subnet-09a5205170294f953"
                        ]
                      }
                    ],
                    "placement_constraints": [],
                    "placement_strategy": [],
                    "platform_version": "LATEST",
                    "propagate_tags": "",
                    "reference_id": "",
                    "tags": null,
                    "task_count": 1,
                    "task_definition_arn": "arn:aws:ecs:us-west-2:136279434049:task-definition/testing-pythonscript-2-qa-task:6"
                  }
                ],
                "eventbridge_parameters": [],
                "input": "{\"containerOverrides\":[{\"command\":[\"python3\",\"/notifiers/alert_generator/tendency_alert_generator.py\"],\"name\":\"testing-pythonscript-2-qa\"}]}",
                "kinesis_parameters": [],
                "retry_policy": [
                  {
                    "maximum_event_age_in_seconds": 86400,
                    "maximum_retry_attempts": 185
                  }
                ],
                "role_arn": "arn:aws:iam::136279434049:role/eventbridge-ecs-runner",
                "sagemaker_pipeline_parameters": [],
                "sqs_parameters": []
              }
            ]
          },
          "sensitive_attributes": [],
          "identity_schema_version": 0,
          "private": "bnVsbA==",
          "dependencies": [
            "aws_cloudwatch_log_group.ecs_logs",
            "aws_ecr_repository.main",
            "aws_ecs_task_definition.main",
            "aws_iam_role.ecs_task_execution_role",
            "aws_iam_role.eventbridge_role",
            "data.aws_iam_policy_document.ecs_task_execution_role"
          ]
        }
      ]
    },
    {
      "mode": "managed",
      "type": "aws_security_group",
      "name": "codebuild_sg",
      "provider": "provider[\"registry.terraform.io/hashicorp/aws\"]",
      "instances": [
        {
          "schema_version": 1,
          "attributes": {
            "arn": "arn:aws:ec2:us-west-2:136279434049:security-group/sg-088dbb882d310847f",
            "description": "Security group for CodeBuild project",
            "egress": [
              {
                "cidr_blocks": [
                  "0.0.0.0/0"
                ],
                "description": "",
                "from_port": 0,
                "ipv6_cidr_blocks": [],
                "prefix_list_ids": [],
                "protocol": "-1",
                "security_groups": [],
                "self": false,
                "to_port": 0
              }
            ],
            "id": "sg-088dbb882d310847f",
            "ingress": [],
            "name": "testing-pythonscript-2-qa-codebuild-sg",
            "name_prefix": "",
            "owner_id": "136279434049",
            "region": "us-west-2",
            "revoke_rules_on_delete": false,
            "tags": {
              "Name": "testing-pythonscript-2-qa-codebuild-sg"
            },
            "tags_all": {
              "Name": "testing-pythonscript-2-qa-codebuild-sg"
            },
            "timeouts": null,
            "vpc_id": "vpc-0f3391e84c4f0ce79"
          },
          "sensitive_attributes": [],
          "identity_schema_version": 0,
          "identity": {
            "account_id": "136279434049",
            "id": "sg-088dbb882d310847f",
            "region": "us-west-2"
          },
          "private": "eyJlMmJmYjczMC1lY2FhLTExZTYtOGY4OC0zNDM2M2JjN2M0YzAiOnsiY3JlYXRlIjo2MDAwMDAwMDAwMDAsImRlbGV0ZSI6OTAwMDAwMDAwMDAwfSwic2NoZW1hX3ZlcnNpb24iOiIxIn0="
        }
      ]
    }
  ],
  "check_results": null
}
